// !$*UTF8*$!
{
	archiveVersion = 1;
	classes = {
	};
	objectVersion = 56;
	objects = {

/* Begin PBXBuildFile section */
		1304547D29CC374E00D5E977 /* myIcon.png in Resources */ = {isa = PBXBuildFile; fileRef = 1304547C29CC374E00D5E977 /* myIcon.png */; };
		1304547F29CDC79100D5E977 /* PromptV2.swift in Sources */ = {isa = PBXBuildFile; fileRef = 1304547E29CDC79100D5E977 /* PromptV2.swift */; };
		131295EE2976202700E903B1 /* SettingsOptsDTO.swift in Sources */ = {isa = PBXBuildFile; fileRef = 131295ED2976202700E903B1 /* SettingsOptsDTO.swift */; };
		131295F1297F7AAB00E903B1 /* FirebaseAnalytics in Frameworks */ = {isa = PBXBuildFile; productRef = 131295F0297F7AAB00E903B1 /* FirebaseAnalytics */; };
		131295F3297F7AAB00E903B1 /* FirebaseAuth in Frameworks */ = {isa = PBXBuildFile; productRef = 131295F2297F7AAB00E903B1 /* FirebaseAuth */; };
		131295F5297F7AAB00E903B1 /* FirebaseCrashlytics in Frameworks */ = {isa = PBXBuildFile; productRef = 131295F4297F7AAB00E903B1 /* FirebaseCrashlytics */; };
		131295F7297F7AAB00E903B1 /* FirebaseFirestore in Frameworks */ = {isa = PBXBuildFile; productRef = 131295F6297F7AAB00E903B1 /* FirebaseFirestore */; };
		131295F9297F7AAB00E903B1 /* FirebaseFunctions in Frameworks */ = {isa = PBXBuildFile; productRef = 131295F8297F7AAB00E903B1 /* FirebaseFunctions */; };
		131295FB297F7AAB00E903B1 /* FirebaseMessaging in Frameworks */ = {isa = PBXBuildFile; productRef = 131295FA297F7AAB00E903B1 /* FirebaseMessaging */; };
		131295FD297F7AAB00E903B1 /* FirebasePerformance in Frameworks */ = {isa = PBXBuildFile; productRef = 131295FC297F7AAB00E903B1 /* FirebasePerformance */; };
		131295FF297F7AAB00E903B1 /* FirebaseRemoteConfig in Frameworks */ = {isa = PBXBuildFile; productRef = 131295FE297F7AAB00E903B1 /* FirebaseRemoteConfig */; };
		13129601297F7AAB00E903B1 /* FirebaseStorage in Frameworks */ = {isa = PBXBuildFile; productRef = 13129600297F7AAB00E903B1 /* FirebaseStorage */; };
		13129604298260FF00E903B1 /* GoogleSignInSwift in Frameworks */ = {isa = PBXBuildFile; productRef = 13129603298260FF00E903B1 /* GoogleSignInSwift */; };
		131B8BF129A49B01007D205C /* EmptyableDiffableDataSource.swift in Sources */ = {isa = PBXBuildFile; fileRef = 131B8BF029A49B01007D205C /* EmptyableDiffableDataSource.swift */; };
		131F07D12960EDEE00C93390 /* Token.swift in Sources */ = {isa = PBXBuildFile; fileRef = 131F07D02960EDEE00C93390 /* Token.swift */; };
		131F07D32960EE6400C93390 /* TokenDTO.swift in Sources */ = {isa = PBXBuildFile; fileRef = 131F07D22960EE6400C93390 /* TokenDTO.swift */; };
		133ABEA5292E8249000A2D96 /* AppDelegate.swift in Sources */ = {isa = PBXBuildFile; fileRef = 133ABEA4292E8249000A2D96 /* AppDelegate.swift */; };
		133ABEA9292E8249000A2D96 /* HomeViewController.swift in Sources */ = {isa = PBXBuildFile; fileRef = 133ABEA8292E8249000A2D96 /* HomeViewController.swift */; };
		133ABEAC292E8249000A2D96 /* Main.storyboard in Resources */ = {isa = PBXBuildFile; fileRef = 133ABEAA292E8249000A2D96 /* Main.storyboard */; };
		133ABEAE292E8259000A2D96 /* Assets.xcassets in Resources */ = {isa = PBXBuildFile; fileRef = 133ABEAD292E8259000A2D96 /* Assets.xcassets */; };
		133ABEB1292E8259000A2D96 /* LaunchScreen.storyboard in Resources */ = {isa = PBXBuildFile; fileRef = 133ABEAF292E8259000A2D96 /* LaunchScreen.storyboard */; };
		133ABEBC292E825B000A2D96 /* StoryTimeTests.swift in Sources */ = {isa = PBXBuildFile; fileRef = 133ABEBB292E825B000A2D96 /* StoryTimeTests.swift */; };
		133ABEC6292E825B000A2D96 /* StoryTimeUITests.swift in Sources */ = {isa = PBXBuildFile; fileRef = 133ABEC5292E825B000A2D96 /* StoryTimeUITests.swift */; };
		133ABEC8292E825B000A2D96 /* StoryTimeUITestsLaunchTests.swift in Sources */ = {isa = PBXBuildFile; fileRef = 133ABEC7292E825B000A2D96 /* StoryTimeUITestsLaunchTests.swift */; };
		133ABED5292E926F000A2D96 /* GoogleService-Info.plist in Resources */ = {isa = PBXBuildFile; fileRef = 133ABED4292E926F000A2D96 /* GoogleService-Info.plist */; };
		133ABEEB292F5242000A2D96 /* Constants.swift in Sources */ = {isa = PBXBuildFile; fileRef = 133ABEEA292F5242000A2D96 /* Constants.swift */; };
		133ABEEE292F5298000A2D96 /* Extensions.swift in Sources */ = {isa = PBXBuildFile; fileRef = 133ABEED292F5298000A2D96 /* Extensions.swift */; };
		133ABEF1292F53A4000A2D96 /* Reachability.swift in Sources */ = {isa = PBXBuildFile; fileRef = 133ABEF0292F53A3000A2D96 /* Reachability.swift */; };
		133ABEF3292F58E1000A2D96 /* ObservableObject.swift in Sources */ = {isa = PBXBuildFile; fileRef = 133ABEF2292F58E1000A2D96 /* ObservableObject.swift */; };
		133ABEF9292F7A46000A2D96 /* User.swift in Sources */ = {isa = PBXBuildFile; fileRef = 133ABEF8292F7A46000A2D96 /* User.swift */; };
		133ABEFB292F88BD000A2D96 /* HomeViewModel.swift in Sources */ = {isa = PBXBuildFile; fileRef = 133ABEFA292F88BC000A2D96 /* HomeViewModel.swift */; };
		133ABEFD292F8A03000A2D96 /* FirebaseService.swift in Sources */ = {isa = PBXBuildFile; fileRef = 133ABEFC292F8A03000A2D96 /* FirebaseService.swift */; };
		133ABF04292F8B90000A2D96 /* Home.swift in Sources */ = {isa = PBXBuildFile; fileRef = 133ABF03292F8B90000A2D96 /* Home.swift */; };
		133ABF07292F8D17000A2D96 /* TabBarController.swift in Sources */ = {isa = PBXBuildFile; fileRef = 133ABF06292F8D17000A2D96 /* TabBarController.swift */; };
		133ABF0A292F8E06000A2D96 /* PasswordResetViewController.swift in Sources */ = {isa = PBXBuildFile; fileRef = 133ABF09292F8E06000A2D96 /* PasswordResetViewController.swift */; };
		133ABF0D292F8EB0000A2D96 /* Coordinator.swift in Sources */ = {isa = PBXBuildFile; fileRef = 133ABF0C292F8EB0000A2D96 /* Coordinator.swift */; };
		133ABF0F292F8EBE000A2D96 /* MainCoordinator.swift in Sources */ = {isa = PBXBuildFile; fileRef = 133ABF0E292F8EBD000A2D96 /* MainCoordinator.swift */; };
		133ABF11292F940C000A2D96 /* Font.swift in Sources */ = {isa = PBXBuildFile; fileRef = 133ABF10292F940C000A2D96 /* Font.swift */; };
		133ABF1329308E4E000A2D96 /* MyColors.swift in Sources */ = {isa = PBXBuildFile; fileRef = 133ABF1229308E4E000A2D96 /* MyColors.swift */; };
		133ABF1529309B67000A2D96 /* AccountViewModel.swift in Sources */ = {isa = PBXBuildFile; fileRef = 133ABF1429309B67000A2D96 /* AccountViewModel.swift */; };
		133ABF1A29309D16000A2D96 /* Enums.swift in Sources */ = {isa = PBXBuildFile; fileRef = 133ABF1929309D16000A2D96 /* Enums.swift */; };
		133ABF1D29309D9B000A2D96 /* OnBoardingViewController.swift in Sources */ = {isa = PBXBuildFile; fileRef = 133ABF1C29309D9B000A2D96 /* OnBoardingViewController.swift */; };
		133ABF1F29309E87000A2D96 /* OnBoardView.swift in Sources */ = {isa = PBXBuildFile; fileRef = 133ABF1E29309E87000A2D96 /* OnBoardView.swift */; };
		133ABF2129309F79000A2D96 /* BaseView.swift in Sources */ = {isa = PBXBuildFile; fileRef = 133ABF2029309F79000A2D96 /* BaseView.swift */; };
		133ABF232930A05F000A2D96 /* ViewGenerator.swift in Sources */ = {isa = PBXBuildFile; fileRef = 133ABF222930A05F000A2D96 /* ViewGenerator.swift */; };
		133ABF252930A088000A2D96 /* ViewOptions.swift in Sources */ = {isa = PBXBuildFile; fileRef = 133ABF242930A088000A2D96 /* ViewOptions.swift */; };
		133ABF282930A208000A2D96 /* PaddedLabel.swift in Sources */ = {isa = PBXBuildFile; fileRef = 133ABF272930A208000A2D96 /* PaddedLabel.swift */; };
		133ABF2A2930A3E5000A2D96 /* TextFieldPasteDisabled.swift in Sources */ = {isa = PBXBuildFile; fileRef = 133ABF292930A3E5000A2D96 /* TextFieldPasteDisabled.swift */; };
		133ABF2D2930AA1B000A2D96 /* undraw.png in Resources */ = {isa = PBXBuildFile; fileRef = 133ABF2C2930AA1B000A2D96 /* undraw.png */; };
		133ABF2F2930BB74000A2D96 /* GradientButton.swift in Sources */ = {isa = PBXBuildFile; fileRef = 133ABF2E2930BB73000A2D96 /* GradientButton.swift */; };
		133ABF3129315F8F000A2D96 /* CollectionViewModel.swift in Sources */ = {isa = PBXBuildFile; fileRef = 133ABF3029315F8F000A2D96 /* CollectionViewModel.swift */; };
		133ABF3329316226000A2D96 /* HomeCell.swift in Sources */ = {isa = PBXBuildFile; fileRef = 133ABF3229316226000A2D96 /* HomeCell.swift */; };
		133ABF35293165A8000A2D96 /* HomeView.swift in Sources */ = {isa = PBXBuildFile; fileRef = 133ABF34293165A8000A2D96 /* HomeView.swift */; };
		133B6C2B29694A63008E70EE /* BuyTokenViewController.swift in Sources */ = {isa = PBXBuildFile; fileRef = 133B6C2A29694A63008E70EE /* BuyTokenViewController.swift */; };
		133B6C2D29694A72008E70EE /* BuyTokenView.swift in Sources */ = {isa = PBXBuildFile; fileRef = 133B6C2C29694A72008E70EE /* BuyTokenView.swift */; };
		133B6C2F29694EBB008E70EE /* check.png in Resources */ = {isa = PBXBuildFile; fileRef = 133B6C2E29694EBB008E70EE /* check.png */; };
		1358F46229D8F142007B8CAE /* FlexibleTextView.swift in Sources */ = {isa = PBXBuildFile; fileRef = 1358F46129D8F142007B8CAE /* FlexibleTextView.swift */; };
		138DBC372956E1AA007D2030 /* TokenManager.swift in Sources */ = {isa = PBXBuildFile; fileRef = 138DBC362956E1AA007D2030 /* TokenManager.swift */; };
		138DC8A0293A3C8F002522B4 /* PromptDTO.swift in Sources */ = {isa = PBXBuildFile; fileRef = 138DC89F293A3C8F002522B4 /* PromptDTO.swift */; };
		13B04EE5293198B0007E7637 /* IQKeyboardManagerSwift in Frameworks */ = {isa = PBXBuildFile; productRef = 13B04EE4293198B0007E7637 /* IQKeyboardManagerSwift */; };
		13B04EE92932EED8007E7637 /* SettingsViewController.swift in Sources */ = {isa = PBXBuildFile; fileRef = 13B04EE82932EED8007E7637 /* SettingsViewController.swift */; };
		13B04EEB2932EEEA007E7637 /* WritingViewController.swift in Sources */ = {isa = PBXBuildFile; fileRef = 13B04EEA2932EEEA007E7637 /* WritingViewController.swift */; };
		13B04EED2932F876007E7637 /* WritingView.swift in Sources */ = {isa = PBXBuildFile; fileRef = 13B04EEC2932F876007E7637 /* WritingView.swift */; };
		13B04EEF2932F885007E7637 /* WritingViewModel.swift in Sources */ = {isa = PBXBuildFile; fileRef = 13B04EEE2932F885007E7637 /* WritingViewModel.swift */; };
		13B04EF12933013C007E7637 /* BaseViewController.swift in Sources */ = {isa = PBXBuildFile; fileRef = 13B04EF02933013C007E7637 /* BaseViewController.swift */; };
		13B04EF329330450007E7637 /* MyNavigationController.swift in Sources */ = {isa = PBXBuildFile; fileRef = 13B04EF229330450007E7637 /* MyNavigationController.swift */; };
		13B04EF529330C5C007E7637 /* myIcon_old.png in Resources */ = {isa = PBXBuildFile; fileRef = 13B04EF429330C5C007E7637 /* myIcon_old.png */; };
		13B04EF729330DDC007E7637 /* usecaseicon.png in Resources */ = {isa = PBXBuildFile; fileRef = 13B04EF629330DDC007E7637 /* usecaseicon.png */; };
		13B04EFB29334513007E7637 /* LoginViewController.swift in Sources */ = {isa = PBXBuildFile; fileRef = 13B04EFA29334513007E7637 /* LoginViewController.swift */; };
		13B04EFD29334523007E7637 /* SignUpViewController.swift in Sources */ = {isa = PBXBuildFile; fileRef = 13B04EFC29334523007E7637 /* SignUpViewController.swift */; };
		13B04EFF29334595007E7637 /* LoginView.swift in Sources */ = {isa = PBXBuildFile; fileRef = 13B04EFE29334595007E7637 /* LoginView.swift */; };
		13B04F01293345B8007E7637 /* SignUpView.swift in Sources */ = {isa = PBXBuildFile; fileRef = 13B04F00293345B8007E7637 /* SignUpView.swift */; };
		13B04F0C2933ACB6007E7637 /* NetworkService.swift in Sources */ = {isa = PBXBuildFile; fileRef = 13B04F0B2933ACB6007E7637 /* NetworkService.swift */; };
		13B04F102933AE8A007E7637 /* Prompt.swift in Sources */ = {isa = PBXBuildFile; fileRef = 13B04F0F2933AE8A007E7637 /* Prompt.swift */; };
		13B04F122933B0B4007E7637 /* Config.plist in Resources */ = {isa = PBXBuildFile; fileRef = 13B04F112933B0B4007E7637 /* Config.plist */; };
		13B04F142933B11E007E7637 /* Utils.swift in Sources */ = {isa = PBXBuildFile; fileRef = 13B04F132933B11E007E7637 /* Utils.swift */; };
		13B04F172933B5A1007E7637 /* SwiftyJSON in Frameworks */ = {isa = PBXBuildFile; productRef = 13B04F162933B5A1007E7637 /* SwiftyJSON */; };
		13B04F1D29354F91007E7637 /* PwdResetView.swift in Sources */ = {isa = PBXBuildFile; fileRef = 13B04F1C29354F91007E7637 /* PwdResetView.swift */; };
		13B04F1F2936166F007E7637 /* SettingView.swift in Sources */ = {isa = PBXBuildFile; fileRef = 13B04F1E2936166F007E7637 /* SettingView.swift */; };
/* End PBXBuildFile section */

/* Begin PBXContainerItemProxy section */
		133ABEB8292E825B000A2D96 /* PBXContainerItemProxy */ = {
			isa = PBXContainerItemProxy;
			containerPortal = 133ABE99292E8249000A2D96 /* Project object */;
			proxyType = 1;
			remoteGlobalIDString = 133ABEA0292E8249000A2D96;
			remoteInfo = StoryTime;
		};
		133ABEC2292E825B000A2D96 /* PBXContainerItemProxy */ = {
			isa = PBXContainerItemProxy;
			containerPortal = 133ABE99292E8249000A2D96 /* Project object */;
			proxyType = 1;
			remoteGlobalIDString = 133ABEA0292E8249000A2D96;
			remoteInfo = StoryTime;
		};
/* End PBXContainerItemProxy section */

/* Begin PBXFileReference section */
		1304547C29CC374E00D5E977 /* myIcon.png */ = {isa = PBXFileReference; lastKnownFileType = image.png; path = myIcon.png; sourceTree = "<group>"; };
		1304547E29CDC79100D5E977 /* PromptV2.swift */ = {isa = PBXFileReference; lastKnownFileType = sourcecode.swift; path = PromptV2.swift; sourceTree = "<group>"; };
		131295ED2976202700E903B1 /* SettingsOptsDTO.swift */ = {isa = PBXFileReference; lastKnownFileType = sourcecode.swift; path = SettingsOptsDTO.swift; sourceTree = "<group>"; };
		131B8BF029A49B01007D205C /* EmptyableDiffableDataSource.swift */ = {isa = PBXFileReference; lastKnownFileType = sourcecode.swift; path = EmptyableDiffableDataSource.swift; sourceTree = "<group>"; };
		131F07D02960EDEE00C93390 /* Token.swift */ = {isa = PBXFileReference; lastKnownFileType = sourcecode.swift; path = Token.swift; sourceTree = "<group>"; };
		131F07D22960EE6400C93390 /* TokenDTO.swift */ = {isa = PBXFileReference; lastKnownFileType = sourcecode.swift; path = TokenDTO.swift; sourceTree = "<group>"; };
		133ABEA1292E8249000A2D96 /* StoryTime.app */ = {isa = PBXFileReference; explicitFileType = wrapper.application; includeInIndex = 0; path = StoryTime.app; sourceTree = BUILT_PRODUCTS_DIR; };
		133ABEA4292E8249000A2D96 /* AppDelegate.swift */ = {isa = PBXFileReference; lastKnownFileType = sourcecode.swift; path = AppDelegate.swift; sourceTree = "<group>"; };
		133ABEA8292E8249000A2D96 /* HomeViewController.swift */ = {isa = PBXFileReference; lastKnownFileType = sourcecode.swift; name = HomeViewController.swift; path = "../New Group/HomeViewController.swift"; sourceTree = "<group>"; };
		133ABEAB292E8249000A2D96 /* Base */ = {isa = PBXFileReference; lastKnownFileType = file.storyboard; name = Base; path = Base.lproj/Main.storyboard; sourceTree = "<group>"; };
		133ABEAD292E8259000A2D96 /* Assets.xcassets */ = {isa = PBXFileReference; lastKnownFileType = folder.assetcatalog; path = Assets.xcassets; sourceTree = "<group>"; };
		133ABEB0292E8259000A2D96 /* Base */ = {isa = PBXFileReference; lastKnownFileType = file.storyboard; name = Base; path = Base.lproj/LaunchScreen.storyboard; sourceTree = "<group>"; };
		133ABEB2292E8259000A2D96 /* Info.plist */ = {isa = PBXFileReference; lastKnownFileType = text.plist.xml; path = Info.plist; sourceTree = "<group>"; };
		133ABEB7292E825B000A2D96 /* StoryTimeTests.xctest */ = {isa = PBXFileReference; explicitFileType = wrapper.cfbundle; includeInIndex = 0; path = StoryTimeTests.xctest; sourceTree = BUILT_PRODUCTS_DIR; };
		133ABEBB292E825B000A2D96 /* StoryTimeTests.swift */ = {isa = PBXFileReference; lastKnownFileType = sourcecode.swift; path = StoryTimeTests.swift; sourceTree = "<group>"; };
		133ABEC1292E825B000A2D96 /* StoryTimeUITests.xctest */ = {isa = PBXFileReference; explicitFileType = wrapper.cfbundle; includeInIndex = 0; path = StoryTimeUITests.xctest; sourceTree = BUILT_PRODUCTS_DIR; };
		133ABEC5292E825B000A2D96 /* StoryTimeUITests.swift */ = {isa = PBXFileReference; lastKnownFileType = sourcecode.swift; path = StoryTimeUITests.swift; sourceTree = "<group>"; };
		133ABEC7292E825B000A2D96 /* StoryTimeUITestsLaunchTests.swift */ = {isa = PBXFileReference; lastKnownFileType = sourcecode.swift; path = StoryTimeUITestsLaunchTests.swift; sourceTree = "<group>"; };
		133ABED4292E926F000A2D96 /* GoogleService-Info.plist */ = {isa = PBXFileReference; fileEncoding = 4; lastKnownFileType = text.plist.xml; path = "GoogleService-Info.plist"; sourceTree = "<group>"; };
		133ABEEA292F5242000A2D96 /* Constants.swift */ = {isa = PBXFileReference; lastKnownFileType = sourcecode.swift; path = Constants.swift; sourceTree = "<group>"; };
		133ABEED292F5298000A2D96 /* Extensions.swift */ = {isa = PBXFileReference; lastKnownFileType = sourcecode.swift; path = Extensions.swift; sourceTree = "<group>"; };
		133ABEF0292F53A3000A2D96 /* Reachability.swift */ = {isa = PBXFileReference; fileEncoding = 4; lastKnownFileType = sourcecode.swift; path = Reachability.swift; sourceTree = "<group>"; };
		133ABEF2292F58E1000A2D96 /* ObservableObject.swift */ = {isa = PBXFileReference; lastKnownFileType = sourcecode.swift; path = ObservableObject.swift; sourceTree = "<group>"; };
		133ABEF8292F7A46000A2D96 /* User.swift */ = {isa = PBXFileReference; lastKnownFileType = sourcecode.swift; path = User.swift; sourceTree = "<group>"; };
		133ABEFA292F88BC000A2D96 /* HomeViewModel.swift */ = {isa = PBXFileReference; lastKnownFileType = sourcecode.swift; path = HomeViewModel.swift; sourceTree = "<group>"; };
		133ABEFC292F8A03000A2D96 /* FirebaseService.swift */ = {isa = PBXFileReference; lastKnownFileType = sourcecode.swift; path = FirebaseService.swift; sourceTree = "<group>"; };
		133ABF03292F8B90000A2D96 /* Home.swift */ = {isa = PBXFileReference; lastKnownFileType = sourcecode.swift; path = Home.swift; sourceTree = "<group>"; };
		133ABF06292F8D17000A2D96 /* TabBarController.swift */ = {isa = PBXFileReference; lastKnownFileType = sourcecode.swift; path = TabBarController.swift; sourceTree = "<group>"; };
		133ABF09292F8E06000A2D96 /* PasswordResetViewController.swift */ = {isa = PBXFileReference; lastKnownFileType = sourcecode.swift; path = PasswordResetViewController.swift; sourceTree = "<group>"; };
		133ABF0C292F8EB0000A2D96 /* Coordinator.swift */ = {isa = PBXFileReference; fileEncoding = 4; lastKnownFileType = sourcecode.swift; path = Coordinator.swift; sourceTree = "<group>"; };
		133ABF0E292F8EBD000A2D96 /* MainCoordinator.swift */ = {isa = PBXFileReference; fileEncoding = 4; lastKnownFileType = sourcecode.swift; path = MainCoordinator.swift; sourceTree = "<group>"; };
		133ABF10292F940C000A2D96 /* Font.swift */ = {isa = PBXFileReference; fileEncoding = 4; lastKnownFileType = sourcecode.swift; path = Font.swift; sourceTree = "<group>"; };
		133ABF1229308E4E000A2D96 /* MyColors.swift */ = {isa = PBXFileReference; lastKnownFileType = sourcecode.swift; path = MyColors.swift; sourceTree = "<group>"; };
		133ABF1429309B67000A2D96 /* AccountViewModel.swift */ = {isa = PBXFileReference; lastKnownFileType = sourcecode.swift; path = AccountViewModel.swift; sourceTree = "<group>"; };
		133ABF1929309D16000A2D96 /* Enums.swift */ = {isa = PBXFileReference; lastKnownFileType = sourcecode.swift; path = Enums.swift; sourceTree = "<group>"; };
		133ABF1C29309D9B000A2D96 /* OnBoardingViewController.swift */ = {isa = PBXFileReference; lastKnownFileType = sourcecode.swift; path = OnBoardingViewController.swift; sourceTree = "<group>"; };
		133ABF1E29309E87000A2D96 /* OnBoardView.swift */ = {isa = PBXFileReference; lastKnownFileType = sourcecode.swift; path = OnBoardView.swift; sourceTree = "<group>"; };
		133ABF2029309F79000A2D96 /* BaseView.swift */ = {isa = PBXFileReference; lastKnownFileType = sourcecode.swift; path = BaseView.swift; sourceTree = "<group>"; };
		133ABF222930A05F000A2D96 /* ViewGenerator.swift */ = {isa = PBXFileReference; fileEncoding = 4; lastKnownFileType = sourcecode.swift; path = ViewGenerator.swift; sourceTree = "<group>"; };
		133ABF242930A088000A2D96 /* ViewOptions.swift */ = {isa = PBXFileReference; fileEncoding = 4; lastKnownFileType = sourcecode.swift; path = ViewOptions.swift; sourceTree = "<group>"; };
		133ABF272930A208000A2D96 /* PaddedLabel.swift */ = {isa = PBXFileReference; lastKnownFileType = sourcecode.swift; path = PaddedLabel.swift; sourceTree = "<group>"; };
		133ABF292930A3E5000A2D96 /* TextFieldPasteDisabled.swift */ = {isa = PBXFileReference; lastKnownFileType = sourcecode.swift; path = TextFieldPasteDisabled.swift; sourceTree = "<group>"; };
		133ABF2C2930AA1B000A2D96 /* undraw.png */ = {isa = PBXFileReference; lastKnownFileType = image.png; path = undraw.png; sourceTree = "<group>"; };
		133ABF2E2930BB73000A2D96 /* GradientButton.swift */ = {isa = PBXFileReference; lastKnownFileType = sourcecode.swift; path = GradientButton.swift; sourceTree = "<group>"; };
		133ABF3029315F8F000A2D96 /* CollectionViewModel.swift */ = {isa = PBXFileReference; lastKnownFileType = sourcecode.swift; path = CollectionViewModel.swift; sourceTree = "<group>"; };
		133ABF3229316226000A2D96 /* HomeCell.swift */ = {isa = PBXFileReference; lastKnownFileType = sourcecode.swift; path = HomeCell.swift; sourceTree = "<group>"; };
		133ABF34293165A8000A2D96 /* HomeView.swift */ = {isa = PBXFileReference; lastKnownFileType = sourcecode.swift; path = HomeView.swift; sourceTree = "<group>"; };
		133B6C2A29694A63008E70EE /* BuyTokenViewController.swift */ = {isa = PBXFileReference; lastKnownFileType = sourcecode.swift; path = BuyTokenViewController.swift; sourceTree = "<group>"; };
		133B6C2C29694A72008E70EE /* BuyTokenView.swift */ = {isa = PBXFileReference; lastKnownFileType = sourcecode.swift; path = BuyTokenView.swift; sourceTree = "<group>"; };
		133B6C2E29694EBB008E70EE /* check.png */ = {isa = PBXFileReference; lastKnownFileType = image.png; path = check.png; sourceTree = "<group>"; };
		1358F46129D8F142007B8CAE /* FlexibleTextView.swift */ = {isa = PBXFileReference; lastKnownFileType = sourcecode.swift; path = FlexibleTextView.swift; sourceTree = "<group>"; };
		138DBC362956E1AA007D2030 /* TokenManager.swift */ = {isa = PBXFileReference; lastKnownFileType = sourcecode.swift; path = TokenManager.swift; sourceTree = "<group>"; };
		138DC89F293A3C8F002522B4 /* PromptDTO.swift */ = {isa = PBXFileReference; lastKnownFileType = sourcecode.swift; path = PromptDTO.swift; sourceTree = "<group>"; };
		13B04EE82932EED8007E7637 /* SettingsViewController.swift */ = {isa = PBXFileReference; lastKnownFileType = sourcecode.swift; path = SettingsViewController.swift; sourceTree = "<group>"; };
		13B04EEA2932EEEA007E7637 /* WritingViewController.swift */ = {isa = PBXFileReference; lastKnownFileType = sourcecode.swift; path = WritingViewController.swift; sourceTree = "<group>"; };
		13B04EEC2932F876007E7637 /* WritingView.swift */ = {isa = PBXFileReference; lastKnownFileType = sourcecode.swift; path = WritingView.swift; sourceTree = "<group>"; };
		13B04EEE2932F885007E7637 /* WritingViewModel.swift */ = {isa = PBXFileReference; lastKnownFileType = sourcecode.swift; path = WritingViewModel.swift; sourceTree = "<group>"; };
		13B04EF02933013C007E7637 /* BaseViewController.swift */ = {isa = PBXFileReference; lastKnownFileType = sourcecode.swift; path = BaseViewController.swift; sourceTree = "<group>"; };
		13B04EF229330450007E7637 /* MyNavigationController.swift */ = {isa = PBXFileReference; lastKnownFileType = sourcecode.swift; path = MyNavigationController.swift; sourceTree = "<group>"; };
		13B04EF429330C5C007E7637 /* myIcon_old.png */ = {isa = PBXFileReference; lastKnownFileType = image.png; path = myIcon_old.png; sourceTree = "<group>"; };
		13B04EF629330DDC007E7637 /* usecaseicon.png */ = {isa = PBXFileReference; lastKnownFileType = image.png; path = usecaseicon.png; sourceTree = "<group>"; };
		13B04EFA29334513007E7637 /* LoginViewController.swift */ = {isa = PBXFileReference; lastKnownFileType = sourcecode.swift; path = LoginViewController.swift; sourceTree = "<group>"; };
		13B04EFC29334523007E7637 /* SignUpViewController.swift */ = {isa = PBXFileReference; lastKnownFileType = sourcecode.swift; path = SignUpViewController.swift; sourceTree = "<group>"; };
		13B04EFE29334595007E7637 /* LoginView.swift */ = {isa = PBXFileReference; lastKnownFileType = sourcecode.swift; path = LoginView.swift; sourceTree = "<group>"; };
		13B04F00293345B8007E7637 /* SignUpView.swift */ = {isa = PBXFileReference; lastKnownFileType = sourcecode.swift; path = SignUpView.swift; sourceTree = "<group>"; };
		13B04F0B2933ACB6007E7637 /* NetworkService.swift */ = {isa = PBXFileReference; lastKnownFileType = sourcecode.swift; path = NetworkService.swift; sourceTree = "<group>"; };
		13B04F0F2933AE8A007E7637 /* Prompt.swift */ = {isa = PBXFileReference; lastKnownFileType = sourcecode.swift; path = Prompt.swift; sourceTree = "<group>"; };
		13B04F112933B0B4007E7637 /* Config.plist */ = {isa = PBXFileReference; lastKnownFileType = text.plist.xml; path = Config.plist; sourceTree = "<group>"; };
		13B04F132933B11E007E7637 /* Utils.swift */ = {isa = PBXFileReference; lastKnownFileType = sourcecode.swift; path = Utils.swift; sourceTree = "<group>"; };
		13B04F1C29354F91007E7637 /* PwdResetView.swift */ = {isa = PBXFileReference; lastKnownFileType = sourcecode.swift; path = PwdResetView.swift; sourceTree = "<group>"; };
		13B04F1E2936166F007E7637 /* SettingView.swift */ = {isa = PBXFileReference; lastKnownFileType = sourcecode.swift; path = SettingView.swift; sourceTree = "<group>"; };
/* End PBXFileReference section */

/* Begin PBXFrameworksBuildPhase section */
		133ABE9E292E8249000A2D96 /* Frameworks */ = {
			isa = PBXFrameworksBuildPhase;
			buildActionMask = 2147483647;
			files = (
				131295FB297F7AAB00E903B1 /* FirebaseMessaging in Frameworks */,
				13B04F172933B5A1007E7637 /* SwiftyJSON in Frameworks */,
				131295FD297F7AAB00E903B1 /* FirebasePerformance in Frameworks */,
				13129604298260FF00E903B1 /* GoogleSignInSwift in Frameworks */,
				131295F9297F7AAB00E903B1 /* FirebaseFunctions in Frameworks */,
				13B04EE5293198B0007E7637 /* IQKeyboardManagerSwift in Frameworks */,
				131295F5297F7AAB00E903B1 /* FirebaseCrashlytics in Frameworks */,
				131295F1297F7AAB00E903B1 /* FirebaseAnalytics in Frameworks */,
				131295F3297F7AAB00E903B1 /* FirebaseAuth in Frameworks */,
				13129601297F7AAB00E903B1 /* FirebaseStorage in Frameworks */,
				131295F7297F7AAB00E903B1 /* FirebaseFirestore in Frameworks */,
				131295FF297F7AAB00E903B1 /* FirebaseRemoteConfig in Frameworks */,
			);
			runOnlyForDeploymentPostprocessing = 0;
		};
		133ABEB4292E825B000A2D96 /* Frameworks */ = {
			isa = PBXFrameworksBuildPhase;
			buildActionMask = 2147483647;
			files = (
			);
			runOnlyForDeploymentPostprocessing = 0;
		};
		133ABEBE292E825B000A2D96 /* Frameworks */ = {
			isa = PBXFrameworksBuildPhase;
			buildActionMask = 2147483647;
			files = (
			);
			runOnlyForDeploymentPostprocessing = 0;
		};
/* End PBXFrameworksBuildPhase section */

/* Begin PBXGroup section */
		133ABE98292E8249000A2D96 = {
			isa = PBXGroup;
			children = (
				133ABEA3292E8249000A2D96 /* StoryTime */,
				133ABEBA292E825B000A2D96 /* StoryTimeTests */,
				133ABEC4292E825B000A2D96 /* StoryTimeUITests */,
				133ABEA2292E8249000A2D96 /* Products */,
			);
			sourceTree = "<group>";
		};
		133ABEA2292E8249000A2D96 /* Products */ = {
			isa = PBXGroup;
			children = (
				133ABEA1292E8249000A2D96 /* StoryTime.app */,
				133ABEB7292E825B000A2D96 /* StoryTimeTests.xctest */,
				133ABEC1292E825B000A2D96 /* StoryTimeUITests.xctest */,
			);
			name = Products;
			sourceTree = "<group>";
		};
		133ABEA3292E8249000A2D96 /* StoryTime */ = {
			isa = PBXGroup;
			children = (
				133ABF2B2930A9F2000A2D96 /* MyAssets */,
				133ABEFF292F8AC5000A2D96 /* SupportFiles */,
				133ABEFE292F8AA5000A2D96 /* Controllers */,
				133ABEF4292F79AF000A2D96 /* ViewModels */,
				133ABEF5292F79B8000A2D96 /* Models */,
				133ABEA4292E8249000A2D96 /* AppDelegate.swift */,
				133ABEAA292E8249000A2D96 /* Main.storyboard */,
				133ABED4292E926F000A2D96 /* GoogleService-Info.plist */,
				133ABEAF292E8259000A2D96 /* LaunchScreen.storyboard */,
				133ABEB2292E8259000A2D96 /* Info.plist */,
				13B04F112933B0B4007E7637 /* Config.plist */,
			);
			path = StoryTime;
			sourceTree = "<group>";
		};
		133ABEBA292E825B000A2D96 /* StoryTimeTests */ = {
			isa = PBXGroup;
			children = (
				133ABEBB292E825B000A2D96 /* StoryTimeTests.swift */,
			);
			path = StoryTimeTests;
			sourceTree = "<group>";
		};
		133ABEC4292E825B000A2D96 /* StoryTimeUITests */ = {
			isa = PBXGroup;
			children = (
				133ABEC5292E825B000A2D96 /* StoryTimeUITests.swift */,
				133ABEC7292E825B000A2D96 /* StoryTimeUITestsLaunchTests.swift */,
			);
			path = StoryTimeUITests;
			sourceTree = "<group>";
		};
		133ABEE9292F51FA000A2D96 /* Constants */ = {
			isa = PBXGroup;
			children = (
				133ABEEA292F5242000A2D96 /* Constants.swift */,
				133ABF1929309D16000A2D96 /* Enums.swift */,
			);
			path = Constants;
			sourceTree = "<group>";
		};
		133ABEEC292F5278000A2D96 /* Extensions */ = {
			isa = PBXGroup;
			children = (
				133ABEED292F5298000A2D96 /* Extensions.swift */,
			);
			name = Extensions;
			path = "../New Group/Extensions";
			sourceTree = "<group>";
		};
		133ABEEF292F536C000A2D96 /* Utility */ = {
			isa = PBXGroup;
			children = (
				133ABF242930A088000A2D96 /* ViewOptions.swift */,
				133ABF222930A05F000A2D96 /* ViewGenerator.swift */,
				133ABF10292F940C000A2D96 /* Font.swift */,
				133ABEF2292F58E1000A2D96 /* ObservableObject.swift */,
				133ABF1229308E4E000A2D96 /* MyColors.swift */,
				133ABF272930A208000A2D96 /* PaddedLabel.swift */,
				133ABF292930A3E5000A2D96 /* TextFieldPasteDisabled.swift */,
				133ABF2E2930BB73000A2D96 /* GradientButton.swift */,
				13B04F132933B11E007E7637 /* Utils.swift */,
				138DBC362956E1AA007D2030 /* TokenManager.swift */,
				131B8BF029A49B01007D205C /* EmptyableDiffableDataSource.swift */,
				1358F46129D8F142007B8CAE /* FlexibleTextView.swift */,
			);
			path = Utility;
			sourceTree = "<group>";
		};
		133ABEF4292F79AF000A2D96 /* ViewModels */ = {
			isa = PBXGroup;
			children = (
				133ABEFA292F88BC000A2D96 /* HomeViewModel.swift */,
				133ABF1429309B67000A2D96 /* AccountViewModel.swift */,
				133ABF3029315F8F000A2D96 /* CollectionViewModel.swift */,
				13B04EEE2932F885007E7637 /* WritingViewModel.swift */,
			);
			path = ViewModels;
			sourceTree = "<group>";
		};
		133ABEF5292F79B8000A2D96 /* Models */ = {
			isa = PBXGroup;
			children = (
				138DC89E293A3C74002522B4 /* DTO */,
				133ABEF8292F7A46000A2D96 /* User.swift */,
				133ABF03292F8B90000A2D96 /* Home.swift */,
				13B04F0F2933AE8A007E7637 /* Prompt.swift */,
				131F07D02960EDEE00C93390 /* Token.swift */,
				1304547E29CDC79100D5E977 /* PromptV2.swift */,
			);
			path = Models;
			sourceTree = "<group>";
		};
		133ABEFE292F8AA5000A2D96 /* Controllers */ = {
			isa = PBXGroup;
			children = (
				133B6C2929694A4E008E70EE /* BuyToken */,
				13B04EF9293344F4007E7637 /* SignUp */,
				13B04EF8293344ED007E7637 /* Login */,
				13B04EE72932EE94007E7637 /* Settings */,
				13B04EE62932EE7A007E7637 /* Writing */,
				133ABF1B29309D62000A2D96 /* OnBoarding */,
				133ABF08292F8DEE000A2D96 /* PasswordReset */,
				133ABF05292F8C62000A2D96 /* Home */,
				133ABF06292F8D17000A2D96 /* TabBarController.swift */,
				133ABF2029309F79000A2D96 /* BaseView.swift */,
				13B04EF02933013C007E7637 /* BaseViewController.swift */,
				13B04EF229330450007E7637 /* MyNavigationController.swift */,
			);
			path = Controllers;
			sourceTree = "<group>";
		};
		133ABEFF292F8AC5000A2D96 /* SupportFiles */ = {
			isa = PBXGroup;
			children = (
				133ABF262930A1E1000A2D96 /* Network */,
				133ABF0B292F8E66000A2D96 /* Coordinator */,
				133ABEEF292F536C000A2D96 /* Utility */,
				133ABEE9292F51FA000A2D96 /* Constants */,
				133ABEEC292F5278000A2D96 /* Extensions */,
			);
			path = SupportFiles;
			sourceTree = "<group>";
		};
		133ABF05292F8C62000A2D96 /* Home */ = {
			isa = PBXGroup;
			children = (
				133ABEA8292E8249000A2D96 /* HomeViewController.swift */,
				133ABF3229316226000A2D96 /* HomeCell.swift */,
				133ABF34293165A8000A2D96 /* HomeView.swift */,
			);
			path = Home;
			sourceTree = "<group>";
		};
		133ABF08292F8DEE000A2D96 /* PasswordReset */ = {
			isa = PBXGroup;
			children = (
				133ABF09292F8E06000A2D96 /* PasswordResetViewController.swift */,
				13B04F1C29354F91007E7637 /* PwdResetView.swift */,
			);
			path = PasswordReset;
			sourceTree = "<group>";
		};
		133ABF0B292F8E66000A2D96 /* Coordinator */ = {
			isa = PBXGroup;
			children = (
				133ABF0E292F8EBD000A2D96 /* MainCoordinator.swift */,
				133ABF0C292F8EB0000A2D96 /* Coordinator.swift */,
			);
			path = Coordinator;
			sourceTree = "<group>";
		};
		133ABF1B29309D62000A2D96 /* OnBoarding */ = {
			isa = PBXGroup;
			children = (
				133ABF1C29309D9B000A2D96 /* OnBoardingViewController.swift */,
				133ABF1E29309E87000A2D96 /* OnBoardView.swift */,
			);
			path = OnBoarding;
			sourceTree = "<group>";
		};
		133ABF262930A1E1000A2D96 /* Network */ = {
			isa = PBXGroup;
			children = (
				133ABEF0292F53A3000A2D96 /* Reachability.swift */,
				133ABEFC292F8A03000A2D96 /* FirebaseService.swift */,
				13B04F0B2933ACB6007E7637 /* NetworkService.swift */,
			);
			path = Network;
			sourceTree = "<group>";
		};
		133ABF2B2930A9F2000A2D96 /* MyAssets */ = {
			isa = PBXGroup;
			children = (
				13B04EF629330DDC007E7637 /* usecaseicon.png */,
				133B6C2E29694EBB008E70EE /* check.png */,
				1304547C29CC374E00D5E977 /* myIcon.png */,
				13B04EF429330C5C007E7637 /* myIcon_old.png */,
				133ABF2C2930AA1B000A2D96 /* undraw.png */,
				133ABEAD292E8259000A2D96 /* Assets.xcassets */,
			);
			path = MyAssets;
			sourceTree = "<group>";
		};
		133B6C2929694A4E008E70EE /* BuyToken */ = {
			isa = PBXGroup;
			children = (
				133B6C2A29694A63008E70EE /* BuyTokenViewController.swift */,
				133B6C2C29694A72008E70EE /* BuyTokenView.swift */,
			);
			path = BuyToken;
			sourceTree = "<group>";
		};
		138DC89E293A3C74002522B4 /* DTO */ = {
			isa = PBXGroup;
			children = (
				131295ED2976202700E903B1 /* SettingsOptsDTO.swift */,
				138DC89F293A3C8F002522B4 /* PromptDTO.swift */,
				131F07D22960EE6400C93390 /* TokenDTO.swift */,
			);
			path = DTO;
			sourceTree = "<group>";
		};
		13B04EE62932EE7A007E7637 /* Writing */ = {
			isa = PBXGroup;
			children = (
				13B04EEA2932EEEA007E7637 /* WritingViewController.swift */,
				13B04EEC2932F876007E7637 /* WritingView.swift */,
			);
			path = Writing;
			sourceTree = "<group>";
		};
		13B04EE72932EE94007E7637 /* Settings */ = {
			isa = PBXGroup;
			children = (
				13B04EE82932EED8007E7637 /* SettingsViewController.swift */,
				13B04F1E2936166F007E7637 /* SettingView.swift */,
			);
			path = Settings;
			sourceTree = "<group>";
		};
		13B04EF8293344ED007E7637 /* Login */ = {
			isa = PBXGroup;
			children = (
				13B04EFA29334513007E7637 /* LoginViewController.swift */,
				13B04EFE29334595007E7637 /* LoginView.swift */,
			);
			path = Login;
			sourceTree = "<group>";
		};
		13B04EF9293344F4007E7637 /* SignUp */ = {
			isa = PBXGroup;
			children = (
				13B04EFC29334523007E7637 /* SignUpViewController.swift */,
				13B04F00293345B8007E7637 /* SignUpView.swift */,
			);
			path = SignUp;
			sourceTree = "<group>";
		};
/* End PBXGroup section */

/* Begin PBXNativeTarget section */
		133ABEA0292E8249000A2D96 /* StoryTime */ = {
			isa = PBXNativeTarget;
			buildConfigurationList = 133ABECB292E825B000A2D96 /* Build configuration list for PBXNativeTarget "StoryTime" */;
			buildPhases = (
				133ABE9D292E8249000A2D96 /* Sources */,
				133ABE9E292E8249000A2D96 /* Frameworks */,
				133ABE9F292E8249000A2D96 /* Resources */,
			);
			buildRules = (
			);
			dependencies = (
			);
			name = StoryTime;
			packageProductDependencies = (
				13B04EE4293198B0007E7637 /* IQKeyboardManagerSwift */,
				13B04F162933B5A1007E7637 /* SwiftyJSON */,
				131295F0297F7AAB00E903B1 /* FirebaseAnalytics */,
				131295F2297F7AAB00E903B1 /* FirebaseAuth */,
				131295F4297F7AAB00E903B1 /* FirebaseCrashlytics */,
				131295F6297F7AAB00E903B1 /* FirebaseFirestore */,
				131295F8297F7AAB00E903B1 /* FirebaseFunctions */,
				131295FA297F7AAB00E903B1 /* FirebaseMessaging */,
				131295FC297F7AAB00E903B1 /* FirebasePerformance */,
				131295FE297F7AAB00E903B1 /* FirebaseRemoteConfig */,
				13129600297F7AAB00E903B1 /* FirebaseStorage */,
				13129603298260FF00E903B1 /* GoogleSignInSwift */,
			);
			productName = StoryTime;
			productReference = 133ABEA1292E8249000A2D96 /* StoryTime.app */;
			productType = "com.apple.product-type.application";
		};
		133ABEB6292E825B000A2D96 /* StoryTimeTests */ = {
			isa = PBXNativeTarget;
			buildConfigurationList = 133ABECE292E825B000A2D96 /* Build configuration list for PBXNativeTarget "StoryTimeTests" */;
			buildPhases = (
				133ABEB3292E825B000A2D96 /* Sources */,
				133ABEB4292E825B000A2D96 /* Frameworks */,
				133ABEB5292E825B000A2D96 /* Resources */,
			);
			buildRules = (
			);
			dependencies = (
				133ABEB9292E825B000A2D96 /* PBXTargetDependency */,
			);
			name = StoryTimeTests;
			productName = StoryTimeTests;
			productReference = 133ABEB7292E825B000A2D96 /* StoryTimeTests.xctest */;
			productType = "com.apple.product-type.bundle.unit-test";
		};
		133ABEC0292E825B000A2D96 /* StoryTimeUITests */ = {
			isa = PBXNativeTarget;
			buildConfigurationList = 133ABED1292E825B000A2D96 /* Build configuration list for PBXNativeTarget "StoryTimeUITests" */;
			buildPhases = (
				133ABEBD292E825B000A2D96 /* Sources */,
				133ABEBE292E825B000A2D96 /* Frameworks */,
				133ABEBF292E825B000A2D96 /* Resources */,
			);
			buildRules = (
			);
			dependencies = (
				133ABEC3292E825B000A2D96 /* PBXTargetDependency */,
			);
			name = StoryTimeUITests;
			productName = StoryTimeUITests;
			productReference = 133ABEC1292E825B000A2D96 /* StoryTimeUITests.xctest */;
			productType = "com.apple.product-type.bundle.ui-testing";
		};
/* End PBXNativeTarget section */

/* Begin PBXProject section */
		133ABE99292E8249000A2D96 /* Project object */ = {
			isa = PBXProject;
			attributes = {
				BuildIndependentTargetsInParallel = 1;
				LastSwiftUpdateCheck = 1410;
				LastUpgradeCheck = 1410;
				TargetAttributes = {
					133ABEA0292E8249000A2D96 = {
						CreatedOnToolsVersion = 14.1;
					};
					133ABEB6292E825B000A2D96 = {
						CreatedOnToolsVersion = 14.1;
						TestTargetID = 133ABEA0292E8249000A2D96;
					};
					133ABEC0292E825B000A2D96 = {
						CreatedOnToolsVersion = 14.1;
						TestTargetID = 133ABEA0292E8249000A2D96;
					};
				};
			};
			buildConfigurationList = 133ABE9C292E8249000A2D96 /* Build configuration list for PBXProject "StoryTime" */;
			compatibilityVersion = "Xcode 14.0";
			developmentRegion = en;
			hasScannedForEncodings = 0;
			knownRegions = (
				en,
				Base,
			);
			mainGroup = 133ABE98292E8249000A2D96;
			packageReferences = (
				13B04EE3293198B0007E7637 /* XCRemoteSwiftPackageReference "IQKeyboardManager" */,
				13B04F152933B5A0007E7637 /* XCRemoteSwiftPackageReference "SwiftyJSON" */,
				131295EF297F7AAB00E903B1 /* XCRemoteSwiftPackageReference "firebase-ios-sdk" */,
				13129602298260FF00E903B1 /* XCRemoteSwiftPackageReference "GoogleSignIn-iOS" */,
			);
			productRefGroup = 133ABEA2292E8249000A2D96 /* Products */;
			projectDirPath = "";
			projectRoot = "";
			targets = (
				133ABEA0292E8249000A2D96 /* StoryTime */,
				133ABEB6292E825B000A2D96 /* StoryTimeTests */,
				133ABEC0292E825B000A2D96 /* StoryTimeUITests */,
			);
		};
/* End PBXProject section */

/* Begin PBXResourcesBuildPhase section */
		133ABE9F292E8249000A2D96 /* Resources */ = {
			isa = PBXResourcesBuildPhase;
			buildActionMask = 2147483647;
			files = (
				133ABED5292E926F000A2D96 /* GoogleService-Info.plist in Resources */,
				133ABEB1292E8259000A2D96 /* LaunchScreen.storyboard in Resources */,
				13B04EF729330DDC007E7637 /* usecaseicon.png in Resources */,
				13B04EF529330C5C007E7637 /* myIcon_old.png in Resources */,
				13B04F122933B0B4007E7637 /* Config.plist in Resources */,
				1304547D29CC374E00D5E977 /* myIcon.png in Resources */,
				133ABEAE292E8259000A2D96 /* Assets.xcassets in Resources */,
				133B6C2F29694EBB008E70EE /* check.png in Resources */,
				133ABF2D2930AA1B000A2D96 /* undraw.png in Resources */,
				133ABEAC292E8249000A2D96 /* Main.storyboard in Resources */,
			);
			runOnlyForDeploymentPostprocessing = 0;
		};
		133ABEB5292E825B000A2D96 /* Resources */ = {
			isa = PBXResourcesBuildPhase;
			buildActionMask = 2147483647;
			files = (
			);
			runOnlyForDeploymentPostprocessing = 0;
		};
		133ABEBF292E825B000A2D96 /* Resources */ = {
			isa = PBXResourcesBuildPhase;
			buildActionMask = 2147483647;
			files = (
			);
			runOnlyForDeploymentPostprocessing = 0;
		};
/* End PBXResourcesBuildPhase section */

/* Begin PBXSourcesBuildPhase section */
		133ABE9D292E8249000A2D96 /* Sources */ = {
			isa = PBXSourcesBuildPhase;
			buildActionMask = 2147483647;
			files = (
				133ABF282930A208000A2D96 /* PaddedLabel.swift in Sources */,
				131F07D32960EE6400C93390 /* TokenDTO.swift in Sources */,
				133ABF1529309B67000A2D96 /* AccountViewModel.swift in Sources */,
				133ABF1A29309D16000A2D96 /* Enums.swift in Sources */,
				133ABF3329316226000A2D96 /* HomeCell.swift in Sources */,
				13B04EF12933013C007E7637 /* BaseViewController.swift in Sources */,
				13B04EED2932F876007E7637 /* WritingView.swift in Sources */,
				13B04F142933B11E007E7637 /* Utils.swift in Sources */,
				131295EE2976202700E903B1 /* SettingsOptsDTO.swift in Sources */,
				13B04EEF2932F885007E7637 /* WritingViewModel.swift in Sources */,
				133ABF07292F8D17000A2D96 /* TabBarController.swift in Sources */,
				133ABF0D292F8EB0000A2D96 /* Coordinator.swift in Sources */,
				13B04EE92932EED8007E7637 /* SettingsViewController.swift in Sources */,
				133ABEFB292F88BD000A2D96 /* HomeViewModel.swift in Sources */,
				133ABEA9292E8249000A2D96 /* HomeViewController.swift in Sources */,
				133ABF0A292F8E06000A2D96 /* PasswordResetViewController.swift in Sources */,
				133ABF232930A05F000A2D96 /* ViewGenerator.swift in Sources */,
				133ABEA5292E8249000A2D96 /* AppDelegate.swift in Sources */,
				133ABF1D29309D9B000A2D96 /* OnBoardingViewController.swift in Sources */,
				133ABF1329308E4E000A2D96 /* MyColors.swift in Sources */,
				133ABEEB292F5242000A2D96 /* Constants.swift in Sources */,
				133ABEF9292F7A46000A2D96 /* User.swift in Sources */,
				133ABF35293165A8000A2D96 /* HomeView.swift in Sources */,
				138DBC372956E1AA007D2030 /* TokenManager.swift in Sources */,
				131F07D12960EDEE00C93390 /* Token.swift in Sources */,
				133ABF252930A088000A2D96 /* ViewOptions.swift in Sources */,
				133ABF0F292F8EBE000A2D96 /* MainCoordinator.swift in Sources */,
				1304547F29CDC79100D5E977 /* PromptV2.swift in Sources */,
				133ABEFD292F8A03000A2D96 /* FirebaseService.swift in Sources */,
				13B04EFB29334513007E7637 /* LoginViewController.swift in Sources */,
				13B04F0C2933ACB6007E7637 /* NetworkService.swift in Sources */,
				13B04F1F2936166F007E7637 /* SettingView.swift in Sources */,
				133ABEF1292F53A4000A2D96 /* Reachability.swift in Sources */,
				13B04EFD29334523007E7637 /* SignUpViewController.swift in Sources */,
				13B04EF329330450007E7637 /* MyNavigationController.swift in Sources */,
				133ABF1F29309E87000A2D96 /* OnBoardView.swift in Sources */,
				133ABF11292F940C000A2D96 /* Font.swift in Sources */,
				133ABF2F2930BB74000A2D96 /* GradientButton.swift in Sources */,
				1358F46229D8F142007B8CAE /* FlexibleTextView.swift in Sources */,
				138DC8A0293A3C8F002522B4 /* PromptDTO.swift in Sources */,
				133B6C2B29694A63008E70EE /* BuyTokenViewController.swift in Sources */,
				133ABEEE292F5298000A2D96 /* Extensions.swift in Sources */,
				13B04F102933AE8A007E7637 /* Prompt.swift in Sources */,
				133ABF2129309F79000A2D96 /* BaseView.swift in Sources */,
				133ABF2A2930A3E5000A2D96 /* TextFieldPasteDisabled.swift in Sources */,
				133ABF04292F8B90000A2D96 /* Home.swift in Sources */,
				13B04F1D29354F91007E7637 /* PwdResetView.swift in Sources */,
				133ABEF3292F58E1000A2D96 /* ObservableObject.swift in Sources */,
				13B04F01293345B8007E7637 /* SignUpView.swift in Sources */,
				13B04EFF29334595007E7637 /* LoginView.swift in Sources */,
				133B6C2D29694A72008E70EE /* BuyTokenView.swift in Sources */,
				131B8BF129A49B01007D205C /* EmptyableDiffableDataSource.swift in Sources */,
				13B04EEB2932EEEA007E7637 /* WritingViewController.swift in Sources */,
				133ABF3129315F8F000A2D96 /* CollectionViewModel.swift in Sources */,
			);
			runOnlyForDeploymentPostprocessing = 0;
		};
		133ABEB3292E825B000A2D96 /* Sources */ = {
			isa = PBXSourcesBuildPhase;
			buildActionMask = 2147483647;
			files = (
				133ABEBC292E825B000A2D96 /* StoryTimeTests.swift in Sources */,
			);
			runOnlyForDeploymentPostprocessing = 0;
		};
		133ABEBD292E825B000A2D96 /* Sources */ = {
			isa = PBXSourcesBuildPhase;
			buildActionMask = 2147483647;
			files = (
				133ABEC6292E825B000A2D96 /* StoryTimeUITests.swift in Sources */,
				133ABEC8292E825B000A2D96 /* StoryTimeUITestsLaunchTests.swift in Sources */,
			);
			runOnlyForDeploymentPostprocessing = 0;
		};
/* End PBXSourcesBuildPhase section */

/* Begin PBXTargetDependency section */
		133ABEB9292E825B000A2D96 /* PBXTargetDependency */ = {
			isa = PBXTargetDependency;
			target = 133ABEA0292E8249000A2D96 /* StoryTime */;
			targetProxy = 133ABEB8292E825B000A2D96 /* PBXContainerItemProxy */;
		};
		133ABEC3292E825B000A2D96 /* PBXTargetDependency */ = {
			isa = PBXTargetDependency;
			target = 133ABEA0292E8249000A2D96 /* StoryTime */;
			targetProxy = 133ABEC2292E825B000A2D96 /* PBXContainerItemProxy */;
		};
/* End PBXTargetDependency section */

/* Begin PBXVariantGroup section */
		133ABEAA292E8249000A2D96 /* Main.storyboard */ = {
			isa = PBXVariantGroup;
			children = (
				133ABEAB292E8249000A2D96 /* Base */,
			);
			name = Main.storyboard;
			sourceTree = "<group>";
		};
		133ABEAF292E8259000A2D96 /* LaunchScreen.storyboard */ = {
			isa = PBXVariantGroup;
			children = (
				133ABEB0292E8259000A2D96 /* Base */,
			);
			name = LaunchScreen.storyboard;
			sourceTree = "<group>";
		};
/* End PBXVariantGroup section */

/* Begin XCBuildConfiguration section */
		133ABEC9292E825B000A2D96 /* Debug */ = {
			isa = XCBuildConfiguration;
			buildSettings = {
				ALWAYS_SEARCH_USER_PATHS = NO;
				CLANG_ANALYZER_NONNULL = YES;
				CLANG_ANALYZER_NUMBER_OBJECT_CONVERSION = YES_AGGRESSIVE;
				CLANG_CXX_LANGUAGE_STANDARD = "gnu++20";
				CLANG_ENABLE_MODULES = YES;
				CLANG_ENABLE_OBJC_ARC = YES;
				CLANG_ENABLE_OBJC_WEAK = YES;
				CLANG_WARN_BLOCK_CAPTURE_AUTORELEASING = YES;
				CLANG_WARN_BOOL_CONVERSION = YES;
				CLANG_WARN_COMMA = YES;
				CLANG_WARN_CONSTANT_CONVERSION = YES;
				CLANG_WARN_DEPRECATED_OBJC_IMPLEMENTATIONS = YES;
				CLANG_WARN_DIRECT_OBJC_ISA_USAGE = YES_ERROR;
				CLANG_WARN_DOCUMENTATION_COMMENTS = YES;
				CLANG_WARN_EMPTY_BODY = YES;
				CLANG_WARN_ENUM_CONVERSION = YES;
				CLANG_WARN_INFINITE_RECURSION = YES;
				CLANG_WARN_INT_CONVERSION = YES;
				CLANG_WARN_NON_LITERAL_NULL_CONVERSION = YES;
				CLANG_WARN_OBJC_IMPLICIT_RETAIN_SELF = YES;
				CLANG_WARN_OBJC_LITERAL_CONVERSION = YES;
				CLANG_WARN_OBJC_ROOT_CLASS = YES_ERROR;
				CLANG_WARN_QUOTED_INCLUDE_IN_FRAMEWORK_HEADER = YES;
				CLANG_WARN_RANGE_LOOP_ANALYSIS = YES;
				CLANG_WARN_STRICT_PROTOTYPES = YES;
				CLANG_WARN_SUSPICIOUS_MOVE = YES;
				CLANG_WARN_UNGUARDED_AVAILABILITY = YES_AGGRESSIVE;
				CLANG_WARN_UNREACHABLE_CODE = YES;
				CLANG_WARN__DUPLICATE_METHOD_MATCH = YES;
				COPY_PHASE_STRIP = NO;
				DEBUG_INFORMATION_FORMAT = dwarf;
				ENABLE_STRICT_OBJC_MSGSEND = YES;
				ENABLE_TESTABILITY = YES;
				GCC_C_LANGUAGE_STANDARD = gnu11;
				GCC_DYNAMIC_NO_PIC = NO;
				GCC_NO_COMMON_BLOCKS = YES;
				GCC_OPTIMIZATION_LEVEL = 0;
				GCC_PREPROCESSOR_DEFINITIONS = (
					"DEBUG=1",
					"$(inherited)",
				);
				GCC_WARN_64_TO_32_BIT_CONVERSION = YES;
				GCC_WARN_ABOUT_RETURN_TYPE = YES_ERROR;
				GCC_WARN_UNDECLARED_SELECTOR = YES;
				GCC_WARN_UNINITIALIZED_AUTOS = YES_AGGRESSIVE;
				GCC_WARN_UNUSED_FUNCTION = YES;
				GCC_WARN_UNUSED_VARIABLE = YES;
				IPHONEOS_DEPLOYMENT_TARGET = 15.4;
				MTL_ENABLE_DEBUG_INFO = INCLUDE_SOURCE;
				MTL_FAST_MATH = YES;
				ONLY_ACTIVE_ARCH = YES;
				SDKROOT = iphoneos;
				SWIFT_ACTIVE_COMPILATION_CONDITIONS = DEBUG;
				SWIFT_OPTIMIZATION_LEVEL = "-Onone";
			};
			name = Debug;
		};
		133ABECA292E825B000A2D96 /* Release */ = {
			isa = XCBuildConfiguration;
			buildSettings = {
				ALWAYS_SEARCH_USER_PATHS = NO;
				CLANG_ANALYZER_NONNULL = YES;
				CLANG_ANALYZER_NUMBER_OBJECT_CONVERSION = YES_AGGRESSIVE;
				CLANG_CXX_LANGUAGE_STANDARD = "gnu++20";
				CLANG_ENABLE_MODULES = YES;
				CLANG_ENABLE_OBJC_ARC = YES;
				CLANG_ENABLE_OBJC_WEAK = YES;
				CLANG_WARN_BLOCK_CAPTURE_AUTORELEASING = YES;
				CLANG_WARN_BOOL_CONVERSION = YES;
				CLANG_WARN_COMMA = YES;
				CLANG_WARN_CONSTANT_CONVERSION = YES;
				CLANG_WARN_DEPRECATED_OBJC_IMPLEMENTATIONS = YES;
				CLANG_WARN_DIRECT_OBJC_ISA_USAGE = YES_ERROR;
				CLANG_WARN_DOCUMENTATION_COMMENTS = YES;
				CLANG_WARN_EMPTY_BODY = YES;
				CLANG_WARN_ENUM_CONVERSION = YES;
				CLANG_WARN_INFINITE_RECURSION = YES;
				CLANG_WARN_INT_CONVERSION = YES;
				CLANG_WARN_NON_LITERAL_NULL_CONVERSION = YES;
				CLANG_WARN_OBJC_IMPLICIT_RETAIN_SELF = YES;
				CLANG_WARN_OBJC_LITERAL_CONVERSION = YES;
				CLANG_WARN_OBJC_ROOT_CLASS = YES_ERROR;
				CLANG_WARN_QUOTED_INCLUDE_IN_FRAMEWORK_HEADER = YES;
				CLANG_WARN_RANGE_LOOP_ANALYSIS = YES;
				CLANG_WARN_STRICT_PROTOTYPES = YES;
				CLANG_WARN_SUSPICIOUS_MOVE = YES;
				CLANG_WARN_UNGUARDED_AVAILABILITY = YES_AGGRESSIVE;
				CLANG_WARN_UNREACHABLE_CODE = YES;
				CLANG_WARN__DUPLICATE_METHOD_MATCH = YES;
				COPY_PHASE_STRIP = NO;
				DEBUG_INFORMATION_FORMAT = "dwarf-with-dsym";
				ENABLE_NS_ASSERTIONS = NO;
				ENABLE_STRICT_OBJC_MSGSEND = YES;
				GCC_C_LANGUAGE_STANDARD = gnu11;
				GCC_NO_COMMON_BLOCKS = YES;
				GCC_WARN_64_TO_32_BIT_CONVERSION = YES;
				GCC_WARN_ABOUT_RETURN_TYPE = YES_ERROR;
				GCC_WARN_UNDECLARED_SELECTOR = YES;
				GCC_WARN_UNINITIALIZED_AUTOS = YES_AGGRESSIVE;
				GCC_WARN_UNUSED_FUNCTION = YES;
				GCC_WARN_UNUSED_VARIABLE = YES;
				IPHONEOS_DEPLOYMENT_TARGET = 15.4;
				MTL_ENABLE_DEBUG_INFO = NO;
				MTL_FAST_MATH = YES;
				SDKROOT = iphoneos;
				SWIFT_COMPILATION_MODE = wholemodule;
				SWIFT_OPTIMIZATION_LEVEL = "-O";
				VALIDATE_PRODUCT = YES;
			};
			name = Release;
		};
		133ABECC292E825B000A2D96 /* Debug */ = {
			isa = XCBuildConfiguration;
			buildSettings = {
				ASSETCATALOG_COMPILER_APPICON_NAME = AppIcon;
				ASSETCATALOG_COMPILER_GLOBAL_ACCENT_COLOR_NAME = AccentColor;
				CODE_SIGN_STYLE = Automatic;
				CURRENT_PROJECT_VERSION = 1;
				DEVELOPMENT_TEAM = F7QY8Q547Z;
				GENERATE_INFOPLIST_FILE = YES;
				INFOPLIST_FILE = StoryTime/Info.plist;
				INFOPLIST_KEY_UIApplicationSupportsIndirectInputEvents = YES;
				INFOPLIST_KEY_UILaunchStoryboardName = LaunchScreen;
				INFOPLIST_KEY_UIMainStoryboardFile = Main;
				INFOPLIST_KEY_UISupportedInterfaceOrientations = UIInterfaceOrientationPortrait;
				INFOPLIST_KEY_UISupportedInterfaceOrientations_iPad = "UIInterfaceOrientationLandscapeLeft UIInterfaceOrientationLandscapeRight UIInterfaceOrientationPortrait UIInterfaceOrientationPortraitUpsideDown";
				LD_RUNPATH_SEARCH_PATHS = (
					"$(inherited)",
					"@executable_path/Frameworks",
				);
				MARKETING_VERSION = 1.0.2;
				PRODUCT_BUNDLE_IDENTIFIER = com.chuck.StoryTime;
				PRODUCT_NAME = "$(TARGET_NAME)";
				SUPPORTED_PLATFORMS = "iphoneos iphonesimulator";
				SUPPORTS_MACCATALYST = NO;
				SUPPORTS_MAC_DESIGNED_FOR_IPHONE_IPAD = NO;
				SWIFT_EMIT_LOC_STRINGS = YES;
				SWIFT_VERSION = 5.0;
				TARGETED_DEVICE_FAMILY = 1;
			};
			name = Debug;
		};
		133ABECD292E825B000A2D96 /* Release */ = {
			isa = XCBuildConfiguration;
			buildSettings = {
				ASSETCATALOG_COMPILER_APPICON_NAME = AppIcon;
				ASSETCATALOG_COMPILER_GLOBAL_ACCENT_COLOR_NAME = AccentColor;
				CODE_SIGN_STYLE = Automatic;
				CURRENT_PROJECT_VERSION = 1;
				DEVELOPMENT_TEAM = F7QY8Q547Z;
				GENERATE_INFOPLIST_FILE = YES;
				INFOPLIST_FILE = StoryTime/Info.plist;
				INFOPLIST_KEY_UIApplicationSupportsIndirectInputEvents = YES;
				INFOPLIST_KEY_UILaunchStoryboardName = LaunchScreen;
				INFOPLIST_KEY_UIMainStoryboardFile = Main;
				INFOPLIST_KEY_UISupportedInterfaceOrientations = UIInterfaceOrientationPortrait;
				INFOPLIST_KEY_UISupportedInterfaceOrientations_iPad = "UIInterfaceOrientationLandscapeLeft UIInterfaceOrientationLandscapeRight UIInterfaceOrientationPortrait UIInterfaceOrientationPortraitUpsideDown";
				LD_RUNPATH_SEARCH_PATHS = (
					"$(inherited)",
					"@executable_path/Frameworks",
				);
				MARKETING_VERSION = 1.0.2;
				PRODUCT_BUNDLE_IDENTIFIER = com.chuck.StoryTime;
				PRODUCT_NAME = "$(TARGET_NAME)";
				SUPPORTED_PLATFORMS = "iphoneos iphonesimulator";
				SUPPORTS_MACCATALYST = NO;
				SUPPORTS_MAC_DESIGNED_FOR_IPHONE_IPAD = NO;
				SWIFT_EMIT_LOC_STRINGS = YES;
				SWIFT_VERSION = 5.0;
				TARGETED_DEVICE_FAMILY = 1;
			};
			name = Release;
		};
		133ABECF292E825B000A2D96 /* Debug */ = {
			isa = XCBuildConfiguration;
			buildSettings = {
				ALWAYS_EMBED_SWIFT_STANDARD_LIBRARIES = YES;
				BUNDLE_LOADER = "$(TEST_HOST)";
				CODE_SIGN_STYLE = Automatic;
				CURRENT_PROJECT_VERSION = 1;
				DEVELOPMENT_TEAM = F7QY8Q547Z;
				GENERATE_INFOPLIST_FILE = YES;
				IPHONEOS_DEPLOYMENT_TARGET = 16.1;
				MARKETING_VERSION = 1.0;
				PRODUCT_BUNDLE_IDENTIFIER = com.chuck.StoryTimeTests;
				PRODUCT_NAME = "$(TARGET_NAME)";
				SWIFT_EMIT_LOC_STRINGS = NO;
				SWIFT_VERSION = 5.0;
				TARGETED_DEVICE_FAMILY = "1,2";
				TEST_HOST = "$(BUILT_PRODUCTS_DIR)/StoryTime.app/$(BUNDLE_EXECUTABLE_FOLDER_PATH)/StoryTime";
			};
			name = Debug;
		};
		133ABED0292E825B000A2D96 /* Release */ = {
			isa = XCBuildConfiguration;
			buildSettings = {
				ALWAYS_EMBED_SWIFT_STANDARD_LIBRARIES = YES;
				BUNDLE_LOADER = "$(TEST_HOST)";
				CODE_SIGN_STYLE = Automatic;
				CURRENT_PROJECT_VERSION = 1;
				DEVELOPMENT_TEAM = F7QY8Q547Z;
				GENERATE_INFOPLIST_FILE = YES;
				IPHONEOS_DEPLOYMENT_TARGET = 16.1;
				MARKETING_VERSION = 1.0;
				PRODUCT_BUNDLE_IDENTIFIER = com.chuck.StoryTimeTests;
				PRODUCT_NAME = "$(TARGET_NAME)";
				SWIFT_EMIT_LOC_STRINGS = NO;
				SWIFT_VERSION = 5.0;
				TARGETED_DEVICE_FAMILY = "1,2";
				TEST_HOST = "$(BUILT_PRODUCTS_DIR)/StoryTime.app/$(BUNDLE_EXECUTABLE_FOLDER_PATH)/StoryTime";
			};
			name = Release;
		};
		133ABED2292E825B000A2D96 /* Debug */ = {
			isa = XCBuildConfiguration;
			buildSettings = {
				ALWAYS_EMBED_SWIFT_STANDARD_LIBRARIES = YES;
				CODE_SIGN_STYLE = Automatic;
				CURRENT_PROJECT_VERSION = 1;
				DEVELOPMENT_TEAM = F7QY8Q547Z;
				GENERATE_INFOPLIST_FILE = YES;
				MARKETING_VERSION = 1.0;
				PRODUCT_BUNDLE_IDENTIFIER = com.chuck.StoryTimeUITests;
				PRODUCT_NAME = "$(TARGET_NAME)";
				SWIFT_EMIT_LOC_STRINGS = NO;
				SWIFT_VERSION = 5.0;
				TARGETED_DEVICE_FAMILY = "1,2";
				TEST_TARGET_NAME = StoryTime;
			};
			name = Debug;
		};
		133ABED3292E825B000A2D96 /* Release */ = {
			isa = XCBuildConfiguration;
			buildSettings = {
				ALWAYS_EMBED_SWIFT_STANDARD_LIBRARIES = YES;
				CODE_SIGN_STYLE = Automatic;
				CURRENT_PROJECT_VERSION = 1;
				DEVELOPMENT_TEAM = F7QY8Q547Z;
				GENERATE_INFOPLIST_FILE = YES;
				MARKETING_VERSION = 1.0;
				PRODUCT_BUNDLE_IDENTIFIER = com.chuck.StoryTimeUITests;
				PRODUCT_NAME = "$(TARGET_NAME)";
				SWIFT_EMIT_LOC_STRINGS = NO;
				SWIFT_VERSION = 5.0;
				TARGETED_DEVICE_FAMILY = "1,2";
				TEST_TARGET_NAME = StoryTime;
			};
			name = Release;
		};
/* End XCBuildConfiguration section */

/* Begin XCConfigurationList section */
		133ABE9C292E8249000A2D96 /* Build configuration list for PBXProject "StoryTime" */ = {
			isa = XCConfigurationList;
			buildConfigurations = (
				133ABEC9292E825B000A2D96 /* Debug */,
				133ABECA292E825B000A2D96 /* Release */,
			);
			defaultConfigurationIsVisible = 0;
			defaultConfigurationName = Release;
		};
		133ABECB292E825B000A2D96 /* Build configuration list for PBXNativeTarget "StoryTime" */ = {
			isa = XCConfigurationList;
			buildConfigurations = (
				133ABECC292E825B000A2D96 /* Debug */,
				133ABECD292E825B000A2D96 /* Release */,
			);
			defaultConfigurationIsVisible = 0;
			defaultConfigurationName = Release;
		};
		133ABECE292E825B000A2D96 /* Build configuration list for PBXNativeTarget "StoryTimeTests" */ = {
			isa = XCConfigurationList;
			buildConfigurations = (
				133ABECF292E825B000A2D96 /* Debug */,
				133ABED0292E825B000A2D96 /* Release */,
			);
			defaultConfigurationIsVisible = 0;
			defaultConfigurationName = Release;
		};
		133ABED1292E825B000A2D96 /* Build configuration list for PBXNativeTarget "StoryTimeUITests" */ = {
			isa = XCConfigurationList;
			buildConfigurations = (
				133ABED2292E825B000A2D96 /* Debug */,
				133ABED3292E825B000A2D96 /* Release */,
			);
			defaultConfigurationIsVisible = 0;
			defaultConfigurationName = Release;
		};
/* End XCConfigurationList section */

/* Begin XCRemoteSwiftPackageReference section */
		131295EF297F7AAB00E903B1 /* XCRemoteSwiftPackageReference "firebase-ios-sdk" */ = {
			isa = XCRemoteSwiftPackageReference;
			repositoryURL = "https://github.com/firebase/firebase-ios-sdk";
			requirement = {
				branch = master;
				kind = branch;
			};
		};
		13129602298260FF00E903B1 /* XCRemoteSwiftPackageReference "GoogleSignIn-iOS" */ = {
			isa = XCRemoteSwiftPackageReference;
			repositoryURL = "https://github.com/google/GoogleSignIn-iOS.git";
			requirement = {
				kind = upToNextMajorVersion;
				minimumVersion = 7.0.0;
			};
		};
		13B04EE3293198B0007E7637 /* XCRemoteSwiftPackageReference "IQKeyboardManager" */ = {
			isa = XCRemoteSwiftPackageReference;
			repositoryURL = "https://github.com/hackiftekhar/IQKeyboardManager.git";
			requirement = {
				kind = exactVersion;
				version = 6.5.0;
			};
		};
		13B04F152933B5A0007E7637 /* XCRemoteSwiftPackageReference "SwiftyJSON" */ = {
			isa = XCRemoteSwiftPackageReference;
			repositoryURL = "https://github.com/SwiftyJSON/SwiftyJSON.git";
			requirement = {
				kind = upToNextMajorVersion;
				minimumVersion = 5.0.0;
			};
		};
/* End XCRemoteSwiftPackageReference section */

/* Begin XCSwiftPackageProductDependency section */
		131295F0297F7AAB00E903B1 /* FirebaseAnalytics */ = {
			isa = XCSwiftPackageProductDependency;
			package = 131295EF297F7AAB00E903B1 /* XCRemoteSwiftPackageReference "firebase-ios-sdk" */;
			productName = FirebaseAnalytics;
		};
		131295F2297F7AAB00E903B1 /* FirebaseAuth */ = {
			isa = XCSwiftPackageProductDependency;
			package = 131295EF297F7AAB00E903B1 /* XCRemoteSwiftPackageReference "firebase-ios-sdk" */;
			productName = FirebaseAuth;
		};
		131295F4297F7AAB00E903B1 /* FirebaseCrashlytics */ = {
			isa = XCSwiftPackageProductDependency;
			package = 131295EF297F7AAB00E903B1 /* XCRemoteSwiftPackageReference "firebase-ios-sdk" */;
			productName = FirebaseCrashlytics;
		};
		131295F6297F7AAB00E903B1 /* FirebaseFirestore */ = {
			isa = XCSwiftPackageProductDependency;
			package = 131295EF297F7AAB00E903B1 /* XCRemoteSwiftPackageReference "firebase-ios-sdk" */;
			productName = FirebaseFirestore;
		};
		131295F8297F7AAB00E903B1 /* FirebaseFunctions */ = {
			isa = XCSwiftPackageProductDependency;
			package = 131295EF297F7AAB00E903B1 /* XCRemoteSwiftPackageReference "firebase-ios-sdk" */;
			productName = FirebaseFunctions;
		};
		131295FA297F7AAB00E903B1 /* FirebaseMessaging */ = {
			isa = XCSwiftPackageProductDependency;
			package = 131295EF297F7AAB00E903B1 /* XCRemoteSwiftPackageReference "firebase-ios-sdk" */;
			productName = FirebaseMessaging;
		};
		131295FC297F7AAB00E903B1 /* FirebasePerformance */ = {
			isa = XCSwiftPackageProductDependency;
			package = 131295EF297F7AAB00E903B1 /* XCRemoteSwiftPackageReference "firebase-ios-sdk" */;
			productName = FirebasePerformance;
		};
		131295FE297F7AAB00E903B1 /* FirebaseRemoteConfig */ = {
			isa = XCSwiftPackageProductDependency;
			package = 131295EF297F7AAB00E903B1 /* XCRemoteSwiftPackageReference "firebase-ios-sdk" */;
			productName = FirebaseRemoteConfig;
		};
		13129600297F7AAB00E903B1 /* FirebaseStorage */ = {
			isa = XCSwiftPackageProductDependency;
			package = 131295EF297F7AAB00E903B1 /* XCRemoteSwiftPackageReference "firebase-ios-sdk" */;
			productName = FirebaseStorage;
		};
		13129603298260FF00E903B1 /* GoogleSignInSwift */ = {
			isa = XCSwiftPackageProductDependency;
			package = 13129602298260FF00E903B1 /* XCRemoteSwiftPackageReference "GoogleSignIn-iOS" */;
			productName = GoogleSignInSwift;
		};
		13B04EE4293198B0007E7637 /* IQKeyboardManagerSwift */ = {
			isa = XCSwiftPackageProductDependency;
			package = 13B04EE3293198B0007E7637 /* XCRemoteSwiftPackageReference "IQKeyboardManager" */;
			productName = IQKeyboardManagerSwift;
		};
		13B04F162933B5A1007E7637 /* SwiftyJSON */ = {
			isa = XCSwiftPackageProductDependency;
			package = 13B04F152933B5A0007E7637 /* XCRemoteSwiftPackageReference "SwiftyJSON" */;
			productName = SwiftyJSON;
		};
/* End XCSwiftPackageProductDependency section */
	};
	rootObject = 133ABE99292E8249000A2D96 /* Project object */;
}
