// !$*UTF8*$!
{
	archiveVersion = 1;
	classes = {
	};
	objectVersion = 56;
	objects = {

/* Begin PBXBuildFile section */
		133ABEA5292E8249000A2D96 /* AppDelegate.swift in Sources */ = {isa = PBXBuildFile; fileRef = 133ABEA4292E8249000A2D96 /* AppDelegate.swift */; };
		133ABEA7292E8249000A2D96 /* SceneDelegate.swift in Sources */ = {isa = PBXBuildFile; fileRef = 133ABEA6292E8249000A2D96 /* SceneDelegate.swift */; };
		133ABEA9292E8249000A2D96 /* ViewController.swift in Sources */ = {isa = PBXBuildFile; fileRef = 133ABEA8292E8249000A2D96 /* ViewController.swift */; };
		133ABEAC292E8249000A2D96 /* Main.storyboard in Resources */ = {isa = PBXBuildFile; fileRef = 133ABEAA292E8249000A2D96 /* Main.storyboard */; };
		133ABEAE292E8259000A2D96 /* Assets.xcassets in Resources */ = {isa = PBXBuildFile; fileRef = 133ABEAD292E8259000A2D96 /* Assets.xcassets */; };
		133ABEB1292E8259000A2D96 /* LaunchScreen.storyboard in Resources */ = {isa = PBXBuildFile; fileRef = 133ABEAF292E8259000A2D96 /* LaunchScreen.storyboard */; };
		133ABEBC292E825B000A2D96 /* StoryTimeTests.swift in Sources */ = {isa = PBXBuildFile; fileRef = 133ABEBB292E825B000A2D96 /* StoryTimeTests.swift */; };
		133ABEC6292E825B000A2D96 /* StoryTimeUITests.swift in Sources */ = {isa = PBXBuildFile; fileRef = 133ABEC5292E825B000A2D96 /* StoryTimeUITests.swift */; };
		133ABEC8292E825B000A2D96 /* StoryTimeUITestsLaunchTests.swift in Sources */ = {isa = PBXBuildFile; fileRef = 133ABEC7292E825B000A2D96 /* StoryTimeUITestsLaunchTests.swift */; };
/* End PBXBuildFile section */

/* Begin PBXContainerItemProxy section */
		133ABEB8292E825B000A2D96 /* PBXContainerItemProxy */ = {
			isa = PBXContainerItemProxy;
			containerPortal = 133ABE99292E8249000A2D96 /* Project object */;
			proxyType = 1;
			remoteGlobalIDString = 133ABEA0292E8249000A2D96;
			remoteInfo = StoryTime;
		};
		133ABEC2292E825B000A2D96 /* PBXContainerItemProxy */ = {
			isa = PBXContainerItemProxy;
			containerPortal = 133ABE99292E8249000A2D96 /* Project object */;
			proxyType = 1;
			remoteGlobalIDString = 133ABEA0292E8249000A2D96;
			remoteInfo = StoryTime;
		};
/* End PBXContainerItemProxy section */

/* Begin PBXFileReference section */
		133ABEA1292E8249000A2D96 /* StoryTime.app */ = {isa = PBXFileReference; explicitFileType = wrapper.application; includeInIndex = 0; path = StoryTime.app; sourceTree = BUILT_PRODUCTS_DIR; };
		133ABEA4292E8249000A2D96 /* AppDelegate.swift */ = {isa = PBXFileReference; lastKnownFileType = sourcecode.swift; path = AppDelegate.swift; sourceTree = "<group>"; };
		133ABEA6292E8249000A2D96 /* SceneDelegate.swift */ = {isa = PBXFileReference; lastKnownFileType = sourcecode.swift; path = SceneDelegate.swift; sourceTree = "<group>"; };
		133ABEA8292E8249000A2D96 /* ViewController.swift */ = {isa = PBXFileReference; lastKnownFileType = sourcecode.swift; path = ViewController.swift; sourceTree = "<group>"; };
		133ABEAB292E8249000A2D96 /* Base */ = {isa = PBXFileReference; lastKnownFileType = file.storyboard; name = Base; path = Base.lproj/Main.storyboard; sourceTree = "<group>"; };
		133ABEAD292E8259000A2D96 /* Assets.xcassets */ = {isa = PBXFileReference; lastKnownFileType = folder.assetcatalog; path = Assets.xcassets; sourceTree = "<group>"; };
		133ABEB0292E8259000A2D96 /* Base */ = {isa = PBXFileReference; lastKnownFileType = file.storyboard; name = Base; path = Base.lproj/LaunchScreen.storyboard; sourceTree = "<group>"; };
		133ABEB2292E8259000A2D96 /* Info.plist */ = {isa = PBXFileReference; lastKnownFileType = text.plist.xml; path = Info.plist; sourceTree = "<group>"; };
		133ABEB7292E825B000A2D96 /* StoryTimeTests.xctest */ = {isa = PBXFileReference; explicitFileType = wrapper.cfbundle; includeInIndex = 0; path = StoryTimeTests.xctest; sourceTree = BUILT_PRODUCTS_DIR; };
		133ABEBB292E825B000A2D96 /* StoryTimeTests.swift */ = {isa = PBXFileReference; lastKnownFileType = sourcecode.swift; path = StoryTimeTests.swift; sourceTree = "<group>"; };
		133ABEC1292E825B000A2D96 /* StoryTimeUITests.xctest */ = {isa = PBXFileReference; explicitFileType = wrapper.cfbundle; includeInIndex = 0; path = StoryTimeUITests.xctest; sourceTree = BUILT_PRODUCTS_DIR; };
		133ABEC5292E825B000A2D96 /* StoryTimeUITests.swift */ = {isa = PBXFileReference; lastKnownFileType = sourcecode.swift; path = StoryTimeUITests.swift; sourceTree = "<group>"; };
		133ABEC7292E825B000A2D96 /* StoryTimeUITestsLaunchTests.swift */ = {isa = PBXFileReference; lastKnownFileType = sourcecode.swift; path = StoryTimeUITestsLaunchTests.swift; sourceTree = "<group>"; };
/* End PBXFileReference section */

/* Begin PBXFrameworksBuildPhase section */
		133ABE9E292E8249000A2D96 /* Frameworks */ = {
			isa = PBXFrameworksBuildPhase;
			buildActionMask = 2147483647;
			files = (
			);
			runOnlyForDeploymentPostprocessing = 0;
		};
		133ABEB4292E825B000A2D96 /* Frameworks */ = {
			isa = PBXFrameworksBuildPhase;
			buildActionMask = 2147483647;
			files = (
			);
			runOnlyForDeploymentPostprocessing = 0;
		};
		133ABEBE292E825B000A2D96 /* Frameworks */ = {
			isa = PBXFrameworksBuildPhase;
			buildActionMask = 2147483647;
			files = (
			);
			runOnlyForDeploymentPostprocessing = 0;
		};
/* End PBXFrameworksBuildPhase section */

/* Begin PBXGroup section */
		133ABE98292E8249000A2D96 = {
			isa = PBXGroup;
			children = (
				133ABEA3292E8249000A2D96 /* StoryTime */,
				133ABEBA292E825B000A2D96 /* StoryTimeTests */,
				133ABEC4292E825B000A2D96 /* StoryTimeUITests */,
				133ABEA2292E8249000A2D96 /* Products */,
			);
			sourceTree = "<group>";
		};
		133ABEA2292E8249000A2D96 /* Products */ = {
			isa = PBXGroup;
			children = (
				133ABEA1292E8249000A2D96 /* StoryTime.app */,
				133ABEB7292E825B000A2D96 /* StoryTimeTests.xctest */,
				133ABEC1292E825B000A2D96 /* StoryTimeUITests.xctest */,
			);
			name = Products;
			sourceTree = "<group>";
		};
		133ABEA3292E8249000A2D96 /* StoryTime */ = {
			isa = PBXGroup;
			children = (
				133ABEA4292E8249000A2D96 /* AppDelegate.swift */,
				133ABEA6292E8249000A2D96 /* SceneDelegate.swift */,
				133ABEA8292E8249000A2D96 /* ViewController.swift */,
				133ABEAA292E8249000A2D96 /* Main.storyboard */,
				133ABEAD292E8259000A2D96 /* Assets.xcassets */,
				133ABEAF292E8259000A2D96 /* LaunchScreen.storyboard */,
				133ABEB2292E8259000A2D96 /* Info.plist */,
			);
			path = StoryTime;
			sourceTree = "<group>";
		};
		133ABEBA292E825B000A2D96 /* StoryTimeTests */ = {
			isa = PBXGroup;
			children = (
				133ABEBB292E825B000A2D96 /* StoryTimeTests.swift */,
			);
			path = StoryTimeTests;
			sourceTree = "<group>";
		};
		133ABEC4292E825B000A2D96 /* StoryTimeUITests */ = {
			isa = PBXGroup;
			children = (
				133ABEC5292E825B000A2D96 /* StoryTimeUITests.swift */,
				133ABEC7292E825B000A2D96 /* StoryTimeUITestsLaunchTests.swift */,
			);
			path = StoryTimeUITests;
			sourceTree = "<group>";
		};
/* End PBXGroup section */

/* Begin PBXNativeTarget section */
		133ABEA0292E8249000A2D96 /* StoryTime */ = {
			isa = PBXNativeTarget;
			buildConfigurationList = 133ABECB292E825B000A2D96 /* Build configuration list for PBXNativeTarget "StoryTime" */;
			buildPhases = (
				133ABE9D292E8249000A2D96 /* Sources */,
				133ABE9E292E8249000A2D96 /* Frameworks */,
				133ABE9F292E8249000A2D96 /* Resources */,
			);
			buildRules = (
			);
			dependencies = (
			);
			name = StoryTime;
			productName = StoryTime;
			productReference = 133ABEA1292E8249000A2D96 /* StoryTime.app */;
			productType = "com.apple.product-type.application";
		};
		133ABEB6292E825B000A2D96 /* StoryTimeTests */ = {
			isa = PBXNativeTarget;
			buildConfigurationList = 133ABECE292E825B000A2D96 /* Build configuration list for PBXNativeTarget "StoryTimeTests" */;
			buildPhases = (
				133ABEB3292E825B000A2D96 /* Sources */,
				133ABEB4292E825B000A2D96 /* Frameworks */,
				133ABEB5292E825B000A2D96 /* Resources */,
			);
			buildRules = (
			);
			dependencies = (
				133ABEB9292E825B000A2D96 /* PBXTargetDependency */,
			);
			name = StoryTimeTests;
			productName = StoryTimeTests;
			productReference = 133ABEB7292E825B000A2D96 /* StoryTimeTests.xctest */;
			productType = "com.apple.product-type.bundle.unit-test";
		};
		133ABEC0292E825B000A2D96 /* StoryTimeUITests */ = {
			isa = PBXNativeTarget;
			buildConfigurationList = 133ABED1292E825B000A2D96 /* Build configuration list for PBXNativeTarget "StoryTimeUITests" */;
			buildPhases = (
				133ABEBD292E825B000A2D96 /* Sources */,
				133ABEBE292E825B000A2D96 /* Frameworks */,
				133ABEBF292E825B000A2D96 /* Resources */,
			);
			buildRules = (
			);
			dependencies = (
				133ABEC3292E825B000A2D96 /* PBXTargetDependency */,
			);
			name = StoryTimeUITests;
			productName = StoryTimeUITests;
			productReference = 133ABEC1292E825B000A2D96 /* StoryTimeUITests.xctest */;
			productType = "com.apple.product-type.bundle.ui-testing";
		};
/* End PBXNativeTarget section */

/* Begin PBXProject section */
		133ABE99292E8249000A2D96 /* Project object */ = {
			isa = PBXProject;
			attributes = {
				BuildIndependentTargetsInParallel = 1;
				LastSwiftUpdateCheck = 1410;
				LastUpgradeCheck = 1410;
				TargetAttributes = {
					133ABEA0292E8249000A2D96 = {
						CreatedOnToolsVersion = 14.1;
					};
					133ABEB6292E825B000A2D96 = {
						CreatedOnToolsVersion = 14.1;
						TestTargetID = 133ABEA0292E8249000A2D96;
					};
					133ABEC0292E825B000A2D96 = {
						CreatedOnToolsVersion = 14.1;
						TestTargetID = 133ABEA0292E8249000A2D96;
					};
				};
			};
			buildConfigurationList = 133ABE9C292E8249000A2D96 /* Build configuration list for PBXProject "StoryTime" */;
			compatibilityVersion = "Xcode 14.0";
			developmentRegion = en;
			hasScannedForEncodings = 0;
			knownRegions = (
				en,
				Base,
			);
			mainGroup = 133ABE98292E8249000A2D96;
			productRefGroup = 133ABEA2292E8249000A2D96 /* Products */;
			projectDirPath = "";
			projectRoot = "";
			targets = (
				133ABEA0292E8249000A2D96 /* StoryTime */,
				133ABEB6292E825B000A2D96 /* StoryTimeTests */,
				133ABEC0292E825B000A2D96 /* StoryTimeUITests */,
			);
		};
/* End PBXProject section */

/* Begin PBXResourcesBuildPhase section */
		133ABE9F292E8249000A2D96 /* Resources */ = {
			isa = PBXResourcesBuildPhase;
			buildActionMask = 2147483647;
			files = (
				133ABEB1292E8259000A2D96 /* LaunchScreen.storyboard in Resources */,
				133ABEAE292E8259000A2D96 /* Assets.xcassets in Resources */,
				133ABEAC292E8249000A2D96 /* Main.storyboard in Resources */,
			);
			runOnlyForDeploymentPostprocessing = 0;
		};
		133ABEB5292E825B000A2D96 /* Resources */ = {
			isa = PBXResourcesBuildPhase;
			buildActionMask = 2147483647;
			files = (
			);
			runOnlyForDeploymentPostprocessing = 0;
		};
		133ABEBF292E825B000A2D96 /* Resources */ = {
			isa = PBXResourcesBuildPhase;
			buildActionMask = 2147483647;
			files = (
			);
			runOnlyForDeploymentPostprocessing = 0;
		};
/* End PBXResourcesBuildPhase section */

/* Begin PBXSourcesBuildPhase section */
		133ABE9D292E8249000A2D96 /* Sources */ = {
			isa = PBXSourcesBuildPhase;
			buildActionMask = 2147483647;
			files = (
				133ABEA9292E8249000A2D96 /* ViewController.swift in Sources */,
				133ABEA5292E8249000A2D96 /* AppDelegate.swift in Sources */,
				133ABEA7292E8249000A2D96 /* SceneDelegate.swift in Sources */,
			);
			runOnlyForDeploymentPostprocessing = 0;
		};
		133ABEB3292E825B000A2D96 /* Sources */ = {
			isa = PBXSourcesBuildPhase;
			buildActionMask = 2147483647;
			files = (
				133ABEBC292E825B000A2D96 /* StoryTimeTests.swift in Sources */,
			);
			runOnlyForDeploymentPostprocessing = 0;
		};
		133ABEBD292E825B000A2D96 /* Sources */ = {
			isa = PBXSourcesBuildPhase;
			buildActionMask = 2147483647;
			files = (
				133ABEC6292E825B000A2D96 /* StoryTimeUITests.swift in Sources */,
				133ABEC8292E825B000A2D96 /* StoryTimeUITestsLaunchTests.swift in Sources */,
			);
			runOnlyForDeploymentPostprocessing = 0;
		};
/* End PBXSourcesBuildPhase section */

/* Begin PBXTargetDependency section */
		133ABEB9292E825B000A2D96 /* PBXTargetDependency */ = {
			isa = PBXTargetDependency;
			target = 133ABEA0292E8249000A2D96 /* StoryTime */;
			targetProxy = 133ABEB8292E825B000A2D96 /* PBXContainerItemProxy */;
		};
		133ABEC3292E825B000A2D96 /* PBXTargetDependency */ = {
			isa = PBXTargetDependency;
			target = 133ABEA0292E8249000A2D96 /* StoryTime */;
			targetProxy = 133ABEC2292E825B000A2D96 /* PBXContainerItemProxy */;
		};
/* End PBXTargetDependency section */

/* Begin PBXVariantGroup section */
		133ABEAA292E8249000A2D96 /* Main.storyboard */ = {
			isa = PBXVariantGroup;
			children = (
				133ABEAB292E8249000A2D96 /* Base */,
			);
			name = Main.storyboard;
			sourceTree = "<group>";
		};
		133ABEAF292E8259000A2D96 /* LaunchScreen.storyboard */ = {
			isa = PBXVariantGroup;
			children = (
				133ABEB0292E8259000A2D96 /* Base */,
			);
			name = LaunchScreen.storyboard;
			sourceTree = "<group>";
		};
/* End PBXVariantGroup section */

/* Begin XCBuildConfiguration section */
		133ABEC9292E825B000A2D96 /* Debug */ = {
			isa = XCBuildConfiguration;
			buildSettings = {
				ALWAYS_SEARCH_USER_PATHS = NO;
				CLANG_ANALYZER_NONNULL = YES;
				CLANG_ANALYZER_NUMBER_OBJECT_CONVERSION = YES_AGGRESSIVE;
				CLANG_CXX_LANGUAGE_STANDARD = "gnu++20";
				CLANG_ENABLE_MODULES = YES;
				CLANG_ENABLE_OBJC_ARC = YES;
				CLANG_ENABLE_OBJC_WEAK = YES;
				CLANG_WARN_BLOCK_CAPTURE_AUTORELEASING = YES;
				CLANG_WARN_BOOL_CONVERSION = YES;
				CLANG_WARN_COMMA = YES;
				CLANG_WARN_CONSTANT_CONVERSION = YES;
				CLANG_WARN_DEPRECATED_OBJC_IMPLEMENTATIONS = YES;
				CLANG_WARN_DIRECT_OBJC_ISA_USAGE = YES_ERROR;
				CLANG_WARN_DOCUMENTATION_COMMENTS = YES;
				CLANG_WARN_EMPTY_BODY = YES;
				CLANG_WARN_ENUM_CONVERSION = YES;
				CLANG_WARN_INFINITE_RECURSION = YES;
				CLANG_WARN_INT_CONVERSION = YES;
				CLANG_WARN_NON_LITERAL_NULL_CONVERSION = YES;
				CLANG_WARN_OBJC_IMPLICIT_RETAIN_SELF = YES;
				CLANG_WARN_OBJC_LITERAL_CONVERSION = YES;
				CLANG_WARN_OBJC_ROOT_CLASS = YES_ERROR;
				CLANG_WARN_QUOTED_INCLUDE_IN_FRAMEWORK_HEADER = YES;
				CLANG_WARN_RANGE_LOOP_ANALYSIS = YES;
				CLANG_WARN_STRICT_PROTOTYPES = YES;
				CLANG_WARN_SUSPICIOUS_MOVE = YES;
				CLANG_WARN_UNGUARDED_AVAILABILITY = YES_AGGRESSIVE;
				CLANG_WARN_UNREACHABLE_CODE = YES;
				CLANG_WARN__DUPLICATE_METHOD_MATCH = YES;
				COPY_PHASE_STRIP = NO;
				DEBUG_INFORMATION_FORMAT = dwarf;
				ENABLE_STRICT_OBJC_MSGSEND = YES;
				ENABLE_TESTABILITY = YES;
				GCC_C_LANGUAGE_STANDARD = gnu11;
				GCC_DYNAMIC_NO_PIC = NO;
				GCC_NO_COMMON_BLOCKS = YES;
				GCC_OPTIMIZATION_LEVEL = 0;
				GCC_PREPROCESSOR_DEFINITIONS = (
					"DEBUG=1",
					"$(inherited)",
				);
				GCC_WARN_64_TO_32_BIT_CONVERSION = YES;
				GCC_WARN_ABOUT_RETURN_TYPE = YES_ERROR;
				GCC_WARN_UNDECLARED_SELECTOR = YES;
				GCC_WARN_UNINITIALIZED_AUTOS = YES_AGGRESSIVE;
				GCC_WARN_UNUSED_FUNCTION = YES;
				GCC_WARN_UNUSED_VARIABLE = YES;
				IPHONEOS_DEPLOYMENT_TARGET = 16.1;
				MTL_ENABLE_DEBUG_INFO = INCLUDE_SOURCE;
				MTL_FAST_MATH = YES;
				ONLY_ACTIVE_ARCH = YES;
				SDKROOT = iphoneos;
				SWIFT_ACTIVE_COMPILATION_CONDITIONS = DEBUG;
				SWIFT_OPTIMIZATION_LEVEL = "-Onone";
			};
			name = Debug;
		};
		133ABECA292E825B000A2D96 /* Release */ = {
			isa = XCBuildConfiguration;
			buildSettings = {
				ALWAYS_SEARCH_USER_PATHS = NO;
				CLANG_ANALYZER_NONNULL = YES;
				CLANG_ANALYZER_NUMBER_OBJECT_CONVERSION = YES_AGGRESSIVE;
				CLANG_CXX_LANGUAGE_STANDARD = "gnu++20";
				CLANG_ENABLE_MODULES = YES;
				CLANG_ENABLE_OBJC_ARC = YES;
				CLANG_ENABLE_OBJC_WEAK = YES;
				CLANG_WARN_BLOCK_CAPTURE_AUTORELEASING = YES;
				CLANG_WARN_BOOL_CONVERSION = YES;
				CLANG_WARN_COMMA = YES;
				CLANG_WARN_CONSTANT_CONVERSION = YES;
				CLANG_WARN_DEPRECATED_OBJC_IMPLEMENTATIONS = YES;
				CLANG_WARN_DIRECT_OBJC_ISA_USAGE = YES_ERROR;
				CLANG_WARN_DOCUMENTATION_COMMENTS = YES;
				CLANG_WARN_EMPTY_BODY = YES;
				CLANG_WARN_ENUM_CONVERSION = YES;
				CLANG_WARN_INFINITE_RECURSION = YES;
				CLANG_WARN_INT_CONVERSION = YES;
				CLANG_WARN_NON_LITERAL_NULL_CONVERSION = YES;
				CLANG_WARN_OBJC_IMPLICIT_RETAIN_SELF = YES;
				CLANG_WARN_OBJC_LITERAL_CONVERSION = YES;
				CLANG_WARN_OBJC_ROOT_CLASS = YES_ERROR;
				CLANG_WARN_QUOTED_INCLUDE_IN_FRAMEWORK_HEADER = YES;
				CLANG_WARN_RANGE_LOOP_ANALYSIS = YES;
				CLANG_WARN_STRICT_PROTOTYPES = YES;
				CLANG_WARN_SUSPICIOUS_MOVE = YES;
				CLANG_WARN_UNGUARDED_AVAILABILITY = YES_AGGRESSIVE;
				CLANG_WARN_UNREACHABLE_CODE = YES;
				CLANG_WARN__DUPLICATE_METHOD_MATCH = YES;
				COPY_PHASE_STRIP = NO;
				DEBUG_INFORMATION_FORMAT = "dwarf-with-dsym";
				ENABLE_NS_ASSERTIONS = NO;
				ENABLE_STRICT_OBJC_MSGSEND = YES;
				GCC_C_LANGUAGE_STANDARD = gnu11;
				GCC_NO_COMMON_BLOCKS = YES;
				GCC_WARN_64_TO_32_BIT_CONVERSION = YES;
				GCC_WARN_ABOUT_RETURN_TYPE = YES_ERROR;
				GCC_WARN_UNDECLARED_SELECTOR = YES;
				GCC_WARN_UNINITIALIZED_AUTOS = YES_AGGRESSIVE;
				GCC_WARN_UNUSED_FUNCTION = YES;
				GCC_WARN_UNUSED_VARIABLE = YES;
				IPHONEOS_DEPLOYMENT_TARGET = 16.1;
				MTL_ENABLE_DEBUG_INFO = NO;
				MTL_FAST_MATH = YES;
				SDKROOT = iphoneos;
				SWIFT_COMPILATION_MODE = wholemodule;
				SWIFT_OPTIMIZATION_LEVEL = "-O";
				VALIDATE_PRODUCT = YES;
			};
			name = Release;
		};
		133ABECC292E825B000A2D96 /* Debug */ = {
			isa = XCBuildConfiguration;
			buildSettings = {
				ASSETCATALOG_COMPILER_APPICON_NAME = AppIcon;
				ASSETCATALOG_COMPILER_GLOBAL_ACCENT_COLOR_NAME = AccentColor;
				CODE_SIGN_STYLE = Automatic;
				CURRENT_PROJECT_VERSION = 1;
				DEVELOPMENT_TEAM = F7QY8Q547Z;
				GENERATE_INFOPLIST_FILE = YES;
				INFOPLIST_FILE = StoryTime/Info.plist;
				INFOPLIST_KEY_UIApplicationSupportsIndirectInputEvents = YES;
				INFOPLIST_KEY_UILaunchStoryboardName = LaunchScreen;
				INFOPLIST_KEY_UIMainStoryboardFile = Main;
				INFOPLIST_KEY_UISupportedInterfaceOrientations_iPad = "UIInterfaceOrientationPortrait UIInterfaceOrientationPortraitUpsideDown UIInterfaceOrientationLandscapeLeft UIInterfaceOrientationLandscapeRight";
				INFOPLIST_KEY_UISupportedInterfaceOrientations_iPhone = "UIInterfaceOrientationPortrait UIInterfaceOrientationLandscapeLeft UIInterfaceOrientationLandscapeRight";
				LD_RUNPATH_SEARCH_PATHS = (
					"$(inherited)",
					"@executable_path/Frameworks",
				);
				MARKETING_VERSION = 1.0;
				PRODUCT_BUNDLE_IDENTIFIER = com.chuck.StoryTime;
				PRODUCT_NAME = "$(TARGET_NAME)";
				SWIFT_EMIT_LOC_STRINGS = YES;
				SWIFT_VERSION = 5.0;
				TARGETED_DEVICE_FAMILY = "1,2";
			};
			name = Debug;
		};
		133ABECD292E825B000A2D96 /* Release */ = {
			isa = XCBuildConfiguration;
			buildSettings = {
				ASSETCATALOG_COMPILER_APPICON_NAME = AppIcon;
				ASSETCATALOG_COMPILER_GLOBAL_ACCENT_COLOR_NAME = AccentColor;
				CODE_SIGN_STYLE = Automatic;
				CURRENT_PROJECT_VERSION = 1;
				DEVELOPMENT_TEAM = F7QY8Q547Z;
				GENERATE_INFOPLIST_FILE = YES;
				INFOPLIST_FILE = StoryTime/Info.plist;
				INFOPLIST_KEY_UIApplicationSupportsIndirectInputEvents = YES;
				INFOPLIST_KEY_UILaunchStoryboardName = LaunchScreen;
				INFOPLIST_KEY_UIMainStoryboardFile = Main;
				INFOPLIST_KEY_UISupportedInterfaceOrientations_iPad = "UIInterfaceOrientationPortrait UIInterfaceOrientationPortraitUpsideDown UIInterfaceOrientationLandscapeLeft UIInterfaceOrientationLandscapeRight";
				INFOPLIST_KEY_UISupportedInterfaceOrientations_iPhone = "UIInterfaceOrientationPortrait UIInterfaceOrientationLandscapeLeft UIInterfaceOrientationLandscapeRight";
				LD_RUNPATH_SEARCH_PATHS = (
					"$(inherited)",
					"@executable_path/Frameworks",
				);
				MARKETING_VERSION = 1.0;
				PRODUCT_BUNDLE_IDENTIFIER = com.chuck.StoryTime;
				PRODUCT_NAME = "$(TARGET_NAME)";
				SWIFT_EMIT_LOC_STRINGS = YES;
				SWIFT_VERSION = 5.0;
				TARGETED_DEVICE_FAMILY = "1,2";
			};
			name = Release;
		};
		133ABECF292E825B000A2D96 /* Debug */ = {
			isa = XCBuildConfiguration;
			buildSettings = {
				ALWAYS_EMBED_SWIFT_STANDARD_LIBRARIES = YES;
				BUNDLE_LOADER = "$(TEST_HOST)";
				CODE_SIGN_STYLE = Automatic;
				CURRENT_PROJECT_VERSION = 1;
				DEVELOPMENT_TEAM = F7QY8Q547Z;
				GENERATE_INFOPLIST_FILE = YES;
				IPHONEOS_DEPLOYMENT_TARGET = 16.1;
				MARKETING_VERSION = 1.0;
				PRODUCT_BUNDLE_IDENTIFIER = com.chuck.StoryTimeTests;
				PRODUCT_NAME = "$(TARGET_NAME)";
				SWIFT_EMIT_LOC_STRINGS = NO;
				SWIFT_VERSION = 5.0;
				TARGETED_DEVICE_FAMILY = "1,2";
				TEST_HOST = "$(BUILT_PRODUCTS_DIR)/StoryTime.app/$(BUNDLE_EXECUTABLE_FOLDER_PATH)/StoryTime";
			};
			name = Debug;
		};
		133ABED0292E825B000A2D96 /* Release */ = {
			isa = XCBuildConfiguration;
			buildSettings = {
				ALWAYS_EMBED_SWIFT_STANDARD_LIBRARIES = YES;
				BUNDLE_LOADER = "$(TEST_HOST)";
				CODE_SIGN_STYLE = Automatic;
				CURRENT_PROJECT_VERSION = 1;
				DEVELOPMENT_TEAM = F7QY8Q547Z;
				GENERATE_INFOPLIST_FILE = YES;
				IPHONEOS_DEPLOYMENT_TARGET = 16.1;
				MARKETING_VERSION = 1.0;
				PRODUCT_BUNDLE_IDENTIFIER = com.chuck.StoryTimeTests;
				PRODUCT_NAME = "$(TARGET_NAME)";
				SWIFT_EMIT_LOC_STRINGS = NO;
				SWIFT_VERSION = 5.0;
				TARGETED_DEVICE_FAMILY = "1,2";
				TEST_HOST = "$(BUILT_PRODUCTS_DIR)/StoryTime.app/$(BUNDLE_EXECUTABLE_FOLDER_PATH)/StoryTime";
			};
			name = Release;
		};
		133ABED2292E825B000A2D96 /* Debug */ = {
			isa = XCBuildConfiguration;
			buildSettings = {
				ALWAYS_EMBED_SWIFT_STANDARD_LIBRARIES = YES;
				CODE_SIGN_STYLE = Automatic;
				CURRENT_PROJECT_VERSION = 1;
				DEVELOPMENT_TEAM = F7QY8Q547Z;
				GENERATE_INFOPLIST_FILE = YES;
				MARKETING_VERSION = 1.0;
				PRODUCT_BUNDLE_IDENTIFIER = com.chuck.StoryTimeUITests;
				PRODUCT_NAME = "$(TARGET_NAME)";
				SWIFT_EMIT_LOC_STRINGS = NO;
				SWIFT_VERSION = 5.0;
				TARGETED_DEVICE_FAMILY = "1,2";
				TEST_TARGET_NAME = StoryTime;
			};
			name = Debug;
		};
		133ABED3292E825B000A2D96 /* Release */ = {
			isa = XCBuildConfiguration;
			buildSettings = {
				ALWAYS_EMBED_SWIFT_STANDARD_LIBRARIES = YES;
				CODE_SIGN_STYLE = Automatic;
				CURRENT_PROJECT_VERSION = 1;
				DEVELOPMENT_TEAM = F7QY8Q547Z;
				GENERATE_INFOPLIST_FILE = YES;
				MARKETING_VERSION = 1.0;
				PRODUCT_BUNDLE_IDENTIFIER = com.chuck.StoryTimeUITests;
				PRODUCT_NAME = "$(TARGET_NAME)";
				SWIFT_EMIT_LOC_STRINGS = NO;
				SWIFT_VERSION = 5.0;
				TARGETED_DEVICE_FAMILY = "1,2";
				TEST_TARGET_NAME = StoryTime;
			};
			name = Release;
		};
/* End XCBuildConfiguration section */

/* Begin XCConfigurationList section */
		133ABE9C292E8249000A2D96 /* Build configuration list for PBXProject "StoryTime" */ = {
			isa = XCConfigurationList;
			buildConfigurations = (
				133ABEC9292E825B000A2D96 /* Debug */,
				133ABECA292E825B000A2D96 /* Release */,
			);
			defaultConfigurationIsVisible = 0;
			defaultConfigurationName = Release;
		};
		133ABECB292E825B000A2D96 /* Build configuration list for PBXNativeTarget "StoryTime" */ = {
			isa = XCConfigurationList;
			buildConfigurations = (
				133ABECC292E825B000A2D96 /* Debug */,
				133ABECD292E825B000A2D96 /* Release */,
			);
			defaultConfigurationIsVisible = 0;
			defaultConfigurationName = Release;
		};
		133ABECE292E825B000A2D96 /* Build configuration list for PBXNativeTarget "StoryTimeTests" */ = {
			isa = XCConfigurationList;
			buildConfigurations = (
				133ABECF292E825B000A2D96 /* Debug */,
				133ABED0292E825B000A2D96 /* Release */,
			);
			defaultConfigurationIsVisible = 0;
			defaultConfigurationName = Release;
		};
		133ABED1292E825B000A2D96 /* Build configuration list for PBXNativeTarget "StoryTimeUITests" */ = {
			isa = XCConfigurationList;
			buildConfigurations = (
				133ABED2292E825B000A2D96 /* Debug */,
				133ABED3292E825B000A2D96 /* Release */,
			);
			defaultConfigurationIsVisible = 0;
			defaultConfigurationName = Release;
		};
/* End XCConfigurationList section */
	};
	rootObject = 133ABE99292E8249000A2D96 /* Project object */;
}
